// !$*UTF8*$!
{
	archiveVersion = 1;
	classes = {
	};
	objectVersion = 55;
	objects = {

/* Begin PBXBuildFile section */
		102111472709462300784F13 /* PodState.swift in Sources */ = {isa = PBXBuildFile; fileRef = 102111402709462300784F13 /* PodState.swift */; };
		102111492709462300784F13 /* PodCommsSession.swift in Sources */ = {isa = PBXBuildFile; fileRef = 102111422709462300784F13 /* PodCommsSession.swift */; };
		1021114D2709467400784F13 /* PodComms.swift in Sources */ = {isa = PBXBuildFile; fileRef = 1021114C2709467400784F13 /* PodComms.swift */; };
		1029AE4827094D0E00B7F5B6 /* OmniBLEPumpManager.swift in Sources */ = {isa = PBXBuildFile; fileRef = 1029AE4627094D0E00B7F5B6 /* OmniBLEPumpManager.swift */; };
		1029AE4927094D0E00B7F5B6 /* OmniBLEPumpManagerState.swift in Sources */ = {isa = PBXBuildFile; fileRef = 1029AE4727094D0E00B7F5B6 /* OmniBLEPumpManagerState.swift */; };
		1029AE4B27094DDC00B7F5B6 /* OmniBLEPumpManager+UI.swift in Sources */ = {isa = PBXBuildFile; fileRef = 1029AE4A27094DDC00B7F5B6 /* OmniBLEPumpManager+UI.swift */; };
		10389A4126FF7841002115E9 /* MessageTransport.swift in Sources */ = {isa = PBXBuildFile; fileRef = 10389A2226FF7841002115E9 /* MessageTransport.swift */; };
		2742C7052AD875B100E67833 /* SlideButton in Frameworks */ = {isa = PBXBuildFile; productRef = 2742C7042AD875B100E67833 /* SlideButton */; };
		4B67E2D5289B4EDB002D92AF /* Localizable.strings in Resources */ = {isa = PBXBuildFile; fileRef = 4B67E2D3289B4EDB002D92AF /* Localizable.strings */; };
		84752E9326ED0FFE009FD801 /* DanaKit.h in Headers */ = {isa = PBXBuildFile; fileRef = 84752E8526ED0FFE009FD801 /* DanaKit.h */; settings = {ATTRIBUTES = (Public, ); }; };
		8475306E26ED15DE009FD801 /* CryptoSwift in Frameworks */ = {isa = PBXBuildFile; productRef = 8475306D26ED15DE009FD801 /* CryptoSwift */; };
		847530F626ED65DD009FD801 /* LoopKit.framework in Frameworks */ = {isa = PBXBuildFile; fileRef = 847530F426ED65DD009FD801 /* LoopKit.framework */; };
		847530F826ED65DD009FD801 /* LoopKitUI.framework in Frameworks */ = {isa = PBXBuildFile; fileRef = 847530F526ED65DD009FD801 /* LoopKitUI.framework */; };
		A91B2DEC276E1E5E001B0E95 /* README.md in Resources */ = {isa = PBXBuildFile; fileRef = A91B2DEB276E1E5E001B0E95 /* README.md */; };
		C10D6D6E27A2395700F53D58 /* DanaKitPlugin.swift in Sources */ = {isa = PBXBuildFile; fileRef = C10D6D6D27A2395700F53D58 /* DanaKitPlugin.swift */; };
		C187C191278FCEC9006E3557 /* InsulinTypeConfirmation.swift in Sources */ = {isa = PBXBuildFile; fileRef = C187C190278FCEC9006E3557 /* InsulinTypeConfirmation.swift */; };
		C187C19A279086A8006E3557 /* DanaKitPlugin.h in Headers */ = {isa = PBXBuildFile; fileRef = C187C199279086A8006E3557 /* DanaKitPlugin.h */; settings = {ATTRIBUTES = (Public, ); }; };
		C187C1A3279087A4006E3557 /* OSLog.swift in Sources */ = {isa = PBXBuildFile; fileRef = C187C1A2279087A4006E3557 /* OSLog.swift */; };
		C18DAD622AE58BDD00FAB288 /* Localizable.strings in Resources */ = {isa = PBXBuildFile; fileRef = C18DAD602AE58BDD00FAB288 /* Localizable.strings */; };
		C1C001C127A2349D00533D35 /* OmniBLE.swift in Sources */ = {isa = PBXBuildFile; fileRef = C1C001C027A2349D00533D35 /* OmniBLE.swift */; };
		C1C001C427A2351D00533D35 /* OmniBLEReservoirView.xib in Resources */ = {isa = PBXBuildFile; fileRef = C1C001C227A2351D00533D35 /* OmniBLEReservoirView.xib */; };
		C1C001C527A2351D00533D35 /* OmniBLEReservoirView.swift in Sources */ = {isa = PBXBuildFile; fileRef = C1C001C327A2351D00533D35 /* OmniBLEReservoirView.swift */; };
		C1D27A1527908DC600C41EBA /* DanaKit.framework in Frameworks */ = {isa = PBXBuildFile; fileRef = 84752E8226ED0FFE009FD801 /* DanaKit.framework */; };
		C1D27A1727908DE500C41EBA /* DanaKit.framework in CopyFiles */ = {isa = PBXBuildFile; fileRef = 84752E8226ED0FFE009FD801 /* DanaKit.framework */; settings = {ATTRIBUTES = (CodeSignOnCopy, RemoveHeadersOnCopy, ); }; };
		C1D27A1B27911E9900C41EBA /* PodAdvertisement.swift in Sources */ = {isa = PBXBuildFile; fileRef = C1D27A1A27911E9900C41EBA /* PodAdvertisement.swift */; };
		C1DBD513282FF79D009FCF74 /* ManualTempBasalEntryView.swift in Sources */ = {isa = PBXBuildFile; fileRef = C1DBD512282FF79D009FCF74 /* ManualTempBasalEntryView.swift */; };
		C1ED1E7227BAE44E00FED71C /* BeepPreferenceSelectionView.swift in Sources */ = {isa = PBXBuildFile; fileRef = C1ED1E7127BAE44E00FED71C /* BeepPreferenceSelectionView.swift */; };
		C1F67E8B27975B830017487F /* AttachPodView.swift in Sources */ = {isa = PBXBuildFile; fileRef = C1F67E7327975B830017487F /* AttachPodView.swift */; };
		C1F67E8C27975B830017487F /* ScheduledExpirationReminderEditView.swift in Sources */ = {isa = PBXBuildFile; fileRef = C1F67E7427975B830017487F /* ScheduledExpirationReminderEditView.swift */; };
		C1F67E8E27975B830017487F /* TimeView.swift in Sources */ = {isa = PBXBuildFile; fileRef = C1F67E7627975B830017487F /* TimeView.swift */; };
		C1F67E8F27975B830017487F /* OmniBLESettingsView.swift in Sources */ = {isa = PBXBuildFile; fileRef = C1F67E7727975B830017487F /* OmniBLESettingsView.swift */; };
		C1F67E9027975B830017487F /* ExpirationReminderSetupView.swift in Sources */ = {isa = PBXBuildFile; fileRef = C1F67E7827975B830017487F /* ExpirationReminderSetupView.swift */; };
		C1F67E9127975B830017487F /* DeactivatePodView.swift in Sources */ = {isa = PBXBuildFile; fileRef = C1F67E7927975B830017487F /* DeactivatePodView.swift */; };
		C1F67E9227975B830017487F /* BasalStateView.swift in Sources */ = {isa = PBXBuildFile; fileRef = C1F67E7A27975B830017487F /* BasalStateView.swift */; };
		C1F67E9327975B830017487F /* ExpirationReminderPickerView.swift in Sources */ = {isa = PBXBuildFile; fileRef = C1F67E7B27975B830017487F /* ExpirationReminderPickerView.swift */; };
		C1F67E9427975B830017487F /* LowReservoirReminderSetupView.swift in Sources */ = {isa = PBXBuildFile; fileRef = C1F67E7C27975B830017487F /* LowReservoirReminderSetupView.swift */; };
		C1F67E9527975B830017487F /* HUDAssets.xcassets in Resources */ = {isa = PBXBuildFile; fileRef = C1F67E7D27975B830017487F /* HUDAssets.xcassets */; };
		C1F67E9727975B830017487F /* PairPodView.swift in Sources */ = {isa = PBXBuildFile; fileRef = C1F67E7F27975B830017487F /* PairPodView.swift */; };
		C1F67E9827975B830017487F /* CheckInsertedCannulaView.swift in Sources */ = {isa = PBXBuildFile; fileRef = C1F67E8027975B830017487F /* CheckInsertedCannulaView.swift */; };
		C1F67E9927975B830017487F /* NotificationSettingsView.swift in Sources */ = {isa = PBXBuildFile; fileRef = C1F67E8127975B830017487F /* NotificationSettingsView.swift */; };
		C1F67E9A27975B830017487F /* DeliveryUncertaintyRecoveryView.swift in Sources */ = {isa = PBXBuildFile; fileRef = C1F67E8227975B830017487F /* DeliveryUncertaintyRecoveryView.swift */; };
		C1F67E9C27975B830017487F /* UncertaintyRecoveredView.swift in Sources */ = {isa = PBXBuildFile; fileRef = C1F67E8427975B830017487F /* UncertaintyRecoveredView.swift */; };
		C1F67E9D27975B830017487F /* InsertCannulaView.swift in Sources */ = {isa = PBXBuildFile; fileRef = C1F67E8527975B830017487F /* InsertCannulaView.swift */; };
		C1F67E9E27975B830017487F /* LowReservoirReminderEditView.swift in Sources */ = {isa = PBXBuildFile; fileRef = C1F67E8627975B830017487F /* LowReservoirReminderEditView.swift */; };
		C1F67E9F27975B830017487F /* SetupCompleteView.swift in Sources */ = {isa = PBXBuildFile; fileRef = C1F67E8727975B830017487F /* SetupCompleteView.swift */; };
		C1F67EA027975B830017487F /* PodSetupView.swift in Sources */ = {isa = PBXBuildFile; fileRef = C1F67E8827975B830017487F /* PodSetupView.swift */; };
		C1F67EA227975B830017487F /* PodDetailsView.swift in Sources */ = {isa = PBXBuildFile; fileRef = C1F67E8A27975B830017487F /* PodDetailsView.swift */; };
		C1F67EA427975CCA0017487F /* DashUICoordinator.swift in Sources */ = {isa = PBXBuildFile; fileRef = C1F67EA327975CCA0017487F /* DashUICoordinator.swift */; };
		C1F67EB627975E710017487F /* RoundedCard.swift in Sources */ = {isa = PBXBuildFile; fileRef = C1F67EB327975E710017487F /* RoundedCard.swift */; };
		C1F67EB727975E710017487F /* LeadingImage.swift in Sources */ = {isa = PBXBuildFile; fileRef = C1F67EB427975E710017487F /* LeadingImage.swift */; };
		C1F67EB827975E710017487F /* ErrorView.swift in Sources */ = {isa = PBXBuildFile; fileRef = C1F67EB527975E710017487F /* ErrorView.swift */; };
		C1F67EC527975F360017487F /* InsertCannulaViewModel.swift in Sources */ = {isa = PBXBuildFile; fileRef = C1F67EBD27975F360017487F /* InsertCannulaViewModel.swift */; };
		C1F67EC627975F360017487F /* PairPodViewModel.swift in Sources */ = {isa = PBXBuildFile; fileRef = C1F67EBE27975F360017487F /* PairPodViewModel.swift */; };
		C1F67EC827975F360017487F /* DeactivatePodViewModel.swift in Sources */ = {isa = PBXBuildFile; fileRef = C1F67EC027975F360017487F /* DeactivatePodViewModel.swift */; };
		C1F67EC927975F360017487F /* DeliveryUncertaintyRecoveryViewModel.swift in Sources */ = {isa = PBXBuildFile; fileRef = C1F67EC127975F360017487F /* DeliveryUncertaintyRecoveryViewModel.swift */; };
		C1F67ECA27975F360017487F /* OmniBLESettingsViewModel.swift in Sources */ = {isa = PBXBuildFile; fileRef = C1F67EC227975F360017487F /* OmniBLESettingsViewModel.swift */; };
		C1F67ECB27975F360017487F /* PodLifeState.swift in Sources */ = {isa = PBXBuildFile; fileRef = C1F67EC327975F360017487F /* PodLifeState.swift */; };
		C1F67EE02797B1EF0017487F /* OmniBLEHUDProvider.swift in Sources */ = {isa = PBXBuildFile; fileRef = C1F67EDF2797B1EF0017487F /* OmniBLEHUDProvider.swift */; };
		D8896C6227890E6B00E09A96 /* DetailedStatus+OmniBLE.swift in Sources */ = {isa = PBXBuildFile; fileRef = D8896C6127890E6B00E09A96 /* DetailedStatus+OmniBLE.swift */; };
/* End PBXBuildFile section */

/* Begin PBXContainerItemProxy section */
		84752E8D26ED0FFE009FD801 /* PBXContainerItemProxy */ = {
			isa = PBXContainerItemProxy;
			containerPortal = 84752E7926ED0FFE009FD801 /* Project object */;
			proxyType = 1;
			remoteGlobalIDString = 84752E8126ED0FFE009FD801;
			remoteInfo = OmniBLE;
		};
		C187C19F279086FF006E3557 /* PBXContainerItemProxy */ = {
			isa = PBXContainerItemProxy;
			containerPortal = 84752E7926ED0FFE009FD801 /* Project object */;
			proxyType = 1;
			remoteGlobalIDString = 84752E8126ED0FFE009FD801;
			remoteInfo = OmniBLE;
		};
/* End PBXContainerItemProxy section */

/* Begin PBXCopyFilesBuildPhase section */
		C1D27A1627908DCF00C41EBA /* CopyFiles */ = {
			isa = PBXCopyFilesBuildPhase;
			buildActionMask = 2147483647;
			dstPath = "";
			dstSubfolderSpec = 10;
			files = (
				C1D27A1727908DE500C41EBA /* DanaKit.framework in CopyFiles */,
			);
			runOnlyForDeploymentPostprocessing = 0;
		};
		D8C72BD72A50D7D700268D82 /* CopyFiles */ = {
			isa = PBXCopyFilesBuildPhase;
			buildActionMask = 2147483647;
			dstPath = /usr/share/man/man1/;
			dstSubfolderSpec = 0;
			files = (
			);
			runOnlyForDeploymentPostprocessing = 1;
		};
/* End PBXCopyFilesBuildPhase section */

/* Begin PBXFileReference section */
		102111402709462300784F13 /* PodState.swift */ = {isa = PBXFileReference; fileEncoding = 4; lastKnownFileType = sourcecode.swift; path = PodState.swift; sourceTree = "<group>"; };
		102111422709462300784F13 /* PodCommsSession.swift */ = {isa = PBXFileReference; fileEncoding = 4; lastKnownFileType = sourcecode.swift; path = PodCommsSession.swift; sourceTree = "<group>"; };
		1021114C2709467400784F13 /* PodComms.swift */ = {isa = PBXFileReference; fileEncoding = 4; lastKnownFileType = sourcecode.swift; path = PodComms.swift; sourceTree = "<group>"; };
		1029AE4627094D0E00B7F5B6 /* OmniBLEPumpManager.swift */ = {isa = PBXFileReference; fileEncoding = 4; lastKnownFileType = sourcecode.swift; path = OmniBLEPumpManager.swift; sourceTree = "<group>"; };
		1029AE4727094D0E00B7F5B6 /* OmniBLEPumpManagerState.swift */ = {isa = PBXFileReference; fileEncoding = 4; lastKnownFileType = sourcecode.swift; path = OmniBLEPumpManagerState.swift; sourceTree = "<group>"; };
		1029AE4A27094DDC00B7F5B6 /* OmniBLEPumpManager+UI.swift */ = {isa = PBXFileReference; fileEncoding = 4; lastKnownFileType = sourcecode.swift; path = "OmniBLEPumpManager+UI.swift"; sourceTree = "<group>"; };
		10389A2226FF7841002115E9 /* MessageTransport.swift */ = {isa = PBXFileReference; fileEncoding = 4; lastKnownFileType = sourcecode.swift; path = MessageTransport.swift; sourceTree = "<group>"; };
		4B23AA6328D909E2009B453B /* en */ = {isa = PBXFileReference; lastKnownFileType = text.plist.strings; name = en; path = en.lproj/Localizable.strings; sourceTree = "<group>"; };
		4B23AA6428D909E7009B453B /* zh-Hans */ = {isa = PBXFileReference; lastKnownFileType = text.plist.strings; name = "zh-Hans"; path = "zh-Hans.lproj/Localizable.strings"; sourceTree = "<group>"; };
		4B23AA6528D909E9009B453B /* da */ = {isa = PBXFileReference; lastKnownFileType = text.plist.strings; name = da; path = da.lproj/Localizable.strings; sourceTree = "<group>"; };
		4B23AA6628D909EC009B453B /* nl */ = {isa = PBXFileReference; lastKnownFileType = text.plist.strings; name = nl; path = nl.lproj/Localizable.strings; sourceTree = "<group>"; };
		4B23AA6728D909EE009B453B /* fi */ = {isa = PBXFileReference; lastKnownFileType = text.plist.strings; name = fi; path = fi.lproj/Localizable.strings; sourceTree = "<group>"; };
		4B23AA6828D909F1009B453B /* fr */ = {isa = PBXFileReference; lastKnownFileType = text.plist.strings; name = fr; path = fr.lproj/Localizable.strings; sourceTree = "<group>"; };
		4B23AA6A28D909F5009B453B /* it */ = {isa = PBXFileReference; lastKnownFileType = text.plist.strings; name = it; path = it.lproj/Localizable.strings; sourceTree = "<group>"; };
		4B23AA6B28D909F7009B453B /* ja */ = {isa = PBXFileReference; lastKnownFileType = text.plist.strings; name = ja; path = ja.lproj/Localizable.strings; sourceTree = "<group>"; };
		4B23AA6C28D909FA009B453B /* nb */ = {isa = PBXFileReference; lastKnownFileType = text.plist.strings; name = nb; path = nb.lproj/Localizable.strings; sourceTree = "<group>"; };
		4B23AA6D28D909FD009B453B /* pl */ = {isa = PBXFileReference; lastKnownFileType = text.plist.strings; name = pl; path = pl.lproj/Localizable.strings; sourceTree = "<group>"; };
		4B23AA6E28D909FF009B453B /* pt-BR */ = {isa = PBXFileReference; lastKnownFileType = text.plist.strings; name = "pt-BR"; path = "pt-BR.lproj/Localizable.strings"; sourceTree = "<group>"; };
		4B23AA6F28D90A01009B453B /* ro */ = {isa = PBXFileReference; lastKnownFileType = text.plist.strings; name = ro; path = ro.lproj/Localizable.strings; sourceTree = "<group>"; };
		4B23AA7028D90A03009B453B /* ru */ = {isa = PBXFileReference; lastKnownFileType = text.plist.strings; name = ru; path = ru.lproj/Localizable.strings; sourceTree = "<group>"; };
		4B23AA7128D90A06009B453B /* es */ = {isa = PBXFileReference; lastKnownFileType = text.plist.strings; name = es; path = es.lproj/Localizable.strings; sourceTree = "<group>"; };
		4B23AA7228D90A08009B453B /* sv */ = {isa = PBXFileReference; lastKnownFileType = text.plist.strings; name = sv; path = sv.lproj/Localizable.strings; sourceTree = "<group>"; };
		4B23AA7428D90A0D009B453B /* vi */ = {isa = PBXFileReference; lastKnownFileType = text.plist.strings; name = vi; path = vi.lproj/Localizable.strings; sourceTree = "<group>"; };
		4B67E2D4289B4EDB002D92AF /* de */ = {isa = PBXFileReference; lastKnownFileType = text.plist.strings; name = de; path = de.lproj/Localizable.strings; sourceTree = "<group>"; };
		84752E8226ED0FFE009FD801 /* DanaKit.framework */ = {isa = PBXFileReference; explicitFileType = wrapper.framework; includeInIndex = 0; path = DanaKit.framework; sourceTree = BUILT_PRODUCTS_DIR; };
		84752E8526ED0FFE009FD801 /* DanaKit.h */ = {isa = PBXFileReference; lastKnownFileType = sourcecode.c.h; path = DanaKit.h; sourceTree = "<group>"; };
		84752E8626ED0FFE009FD801 /* Info.plist */ = {isa = PBXFileReference; lastKnownFileType = text.plist.xml; path = Info.plist; sourceTree = "<group>"; };
		84752E8B26ED0FFE009FD801 /* DanaKitTests.xctest */ = {isa = PBXFileReference; explicitFileType = wrapper.cfbundle; includeInIndex = 0; path = DanaKitTests.xctest; sourceTree = BUILT_PRODUCTS_DIR; };
		84752E9226ED0FFE009FD801 /* Info.plist */ = {isa = PBXFileReference; lastKnownFileType = text.plist.xml; path = Info.plist; sourceTree = "<group>"; };
		847530F426ED65DD009FD801 /* LoopKit.framework */ = {isa = PBXFileReference; explicitFileType = wrapper.framework; path = LoopKit.framework; sourceTree = BUILT_PRODUCTS_DIR; };
		847530F526ED65DD009FD801 /* LoopKitUI.framework */ = {isa = PBXFileReference; explicitFileType = wrapper.framework; path = LoopKitUI.framework; sourceTree = BUILT_PRODUCTS_DIR; };
		A91B2DEB276E1E5E001B0E95 /* README.md */ = {isa = PBXFileReference; fileEncoding = 4; lastKnownFileType = net.daringfireball.markdown; path = README.md; sourceTree = "<group>"; };
		C10D6D6D27A2395700F53D58 /* DanaKitPlugin.swift */ = {isa = PBXFileReference; fileEncoding = 4; lastKnownFileType = sourcecode.swift; path = DanaKitPlugin.swift; sourceTree = "<group>"; };
		C121D8D829C7866D00DA0520 /* cs */ = {isa = PBXFileReference; lastKnownFileType = text.plist.strings; name = cs; path = cs.lproj/Localizable.strings; sourceTree = "<group>"; };
		C13F70D42AE58C76002A292B /* nb */ = {isa = PBXFileReference; lastKnownFileType = text.plist.strings; name = nb; path = nb.lproj/Localizable.strings; sourceTree = "<group>"; };
		C15A583029C7866600D3A5A1 /* ar */ = {isa = PBXFileReference; lastKnownFileType = text.plist.strings; name = ar; path = ar.lproj/Localizable.strings; sourceTree = "<group>"; };
		C17C23AA2AE58C87003AD249 /* nl */ = {isa = PBXFileReference; lastKnownFileType = text.plist.strings; name = nl; path = nl.lproj/Localizable.strings; sourceTree = "<group>"; };
		C17E22892AE58C5500CFDE99 /* it */ = {isa = PBXFileReference; lastKnownFileType = text.plist.strings; name = it; path = it.lproj/Localizable.strings; sourceTree = "<group>"; };
		C187C190278FCEC9006E3557 /* InsulinTypeConfirmation.swift */ = {isa = PBXFileReference; lastKnownFileType = sourcecode.swift; path = InsulinTypeConfirmation.swift; sourceTree = "<group>"; };
		C187C197279086A8006E3557 /* DanaKitPlugin.loopplugin */ = {isa = PBXFileReference; explicitFileType = wrapper.framework; includeInIndex = 0; path = DanaKitPlugin.loopplugin; sourceTree = BUILT_PRODUCTS_DIR; };
		C187C199279086A8006E3557 /* DanaKitPlugin.h */ = {isa = PBXFileReference; lastKnownFileType = sourcecode.c.h; path = DanaKitPlugin.h; sourceTree = "<group>"; };
		C187C1A2279087A4006E3557 /* OSLog.swift */ = {isa = PBXFileReference; lastKnownFileType = sourcecode.swift; path = OSLog.swift; sourceTree = "<group>"; };
		C187C1A427908B1C006E3557 /* Info.plist */ = {isa = PBXFileReference; fileEncoding = 4; lastKnownFileType = text.plist.xml; path = Info.plist; sourceTree = "<group>"; };
		C18DAD612AE58BDD00FAB288 /* de */ = {isa = PBXFileReference; lastKnownFileType = text.plist.strings; name = de; path = de.lproj/Localizable.strings; sourceTree = "<group>"; };
		C19E3881298638CE00851444 /* tr */ = {isa = PBXFileReference; lastKnownFileType = text.plist.strings; name = tr; path = tr.lproj/Localizable.strings; sourceTree = "<group>"; };
		C1C001C027A2349D00533D35 /* OmniBLE.swift */ = {isa = PBXFileReference; fileEncoding = 4; lastKnownFileType = sourcecode.swift; path = OmniBLE.swift; sourceTree = "<group>"; };
		C1C001C227A2351D00533D35 /* OmniBLEReservoirView.xib */ = {isa = PBXFileReference; fileEncoding = 4; lastKnownFileType = file.xib; path = OmniBLEReservoirView.xib; sourceTree = "<group>"; };
		C1C001C327A2351D00533D35 /* OmniBLEReservoirView.swift */ = {isa = PBXFileReference; fileEncoding = 4; lastKnownFileType = sourcecode.swift; path = OmniBLEReservoirView.swift; sourceTree = "<group>"; };
		C1D27A1A27911E9900C41EBA /* PodAdvertisement.swift */ = {isa = PBXFileReference; lastKnownFileType = sourcecode.swift; path = PodAdvertisement.swift; sourceTree = "<group>"; };
		C1DBD512282FF79D009FCF74 /* ManualTempBasalEntryView.swift */ = {isa = PBXFileReference; lastKnownFileType = sourcecode.swift; path = ManualTempBasalEntryView.swift; sourceTree = "<group>"; };
		C1ED1E7127BAE44E00FED71C /* BeepPreferenceSelectionView.swift */ = {isa = PBXFileReference; lastKnownFileType = sourcecode.swift; path = BeepPreferenceSelectionView.swift; sourceTree = "<group>"; };
		C1F67E7327975B830017487F /* AttachPodView.swift */ = {isa = PBXFileReference; fileEncoding = 4; lastKnownFileType = sourcecode.swift; path = AttachPodView.swift; sourceTree = "<group>"; };
		C1F67E7427975B830017487F /* ScheduledExpirationReminderEditView.swift */ = {isa = PBXFileReference; fileEncoding = 4; lastKnownFileType = sourcecode.swift; path = ScheduledExpirationReminderEditView.swift; sourceTree = "<group>"; };
		C1F67E7627975B830017487F /* TimeView.swift */ = {isa = PBXFileReference; fileEncoding = 4; lastKnownFileType = sourcecode.swift; path = TimeView.swift; sourceTree = "<group>"; };
		C1F67E7727975B830017487F /* OmniBLESettingsView.swift */ = {isa = PBXFileReference; fileEncoding = 4; lastKnownFileType = sourcecode.swift; path = OmniBLESettingsView.swift; sourceTree = "<group>"; };
		C1F67E7827975B830017487F /* ExpirationReminderSetupView.swift */ = {isa = PBXFileReference; fileEncoding = 4; lastKnownFileType = sourcecode.swift; path = ExpirationReminderSetupView.swift; sourceTree = "<group>"; };
		C1F67E7927975B830017487F /* DeactivatePodView.swift */ = {isa = PBXFileReference; fileEncoding = 4; lastKnownFileType = sourcecode.swift; path = DeactivatePodView.swift; sourceTree = "<group>"; };
		C1F67E7A27975B830017487F /* BasalStateView.swift */ = {isa = PBXFileReference; fileEncoding = 4; lastKnownFileType = sourcecode.swift; path = BasalStateView.swift; sourceTree = "<group>"; };
		C1F67E7B27975B830017487F /* ExpirationReminderPickerView.swift */ = {isa = PBXFileReference; fileEncoding = 4; lastKnownFileType = sourcecode.swift; path = ExpirationReminderPickerView.swift; sourceTree = "<group>"; };
		C1F67E7C27975B830017487F /* LowReservoirReminderSetupView.swift */ = {isa = PBXFileReference; fileEncoding = 4; lastKnownFileType = sourcecode.swift; path = LowReservoirReminderSetupView.swift; sourceTree = "<group>"; };
		C1F67E7D27975B830017487F /* HUDAssets.xcassets */ = {isa = PBXFileReference; lastKnownFileType = folder.assetcatalog; path = HUDAssets.xcassets; sourceTree = "<group>"; };
		C1F67E7F27975B830017487F /* PairPodView.swift */ = {isa = PBXFileReference; fileEncoding = 4; lastKnownFileType = sourcecode.swift; path = PairPodView.swift; sourceTree = "<group>"; };
		C1F67E8027975B830017487F /* CheckInsertedCannulaView.swift */ = {isa = PBXFileReference; fileEncoding = 4; lastKnownFileType = sourcecode.swift; path = CheckInsertedCannulaView.swift; sourceTree = "<group>"; };
		C1F67E8127975B830017487F /* NotificationSettingsView.swift */ = {isa = PBXFileReference; fileEncoding = 4; lastKnownFileType = sourcecode.swift; path = NotificationSettingsView.swift; sourceTree = "<group>"; };
		C1F67E8227975B830017487F /* DeliveryUncertaintyRecoveryView.swift */ = {isa = PBXFileReference; fileEncoding = 4; lastKnownFileType = sourcecode.swift; path = DeliveryUncertaintyRecoveryView.swift; sourceTree = "<group>"; };
		C1F67E8427975B830017487F /* UncertaintyRecoveredView.swift */ = {isa = PBXFileReference; fileEncoding = 4; lastKnownFileType = sourcecode.swift; path = UncertaintyRecoveredView.swift; sourceTree = "<group>"; };
		C1F67E8527975B830017487F /* InsertCannulaView.swift */ = {isa = PBXFileReference; fileEncoding = 4; lastKnownFileType = sourcecode.swift; path = InsertCannulaView.swift; sourceTree = "<group>"; };
		C1F67E8627975B830017487F /* LowReservoirReminderEditView.swift */ = {isa = PBXFileReference; fileEncoding = 4; lastKnownFileType = sourcecode.swift; path = LowReservoirReminderEditView.swift; sourceTree = "<group>"; };
		C1F67E8727975B830017487F /* SetupCompleteView.swift */ = {isa = PBXFileReference; fileEncoding = 4; lastKnownFileType = sourcecode.swift; path = SetupCompleteView.swift; sourceTree = "<group>"; };
		C1F67E8827975B830017487F /* PodSetupView.swift */ = {isa = PBXFileReference; fileEncoding = 4; lastKnownFileType = sourcecode.swift; path = PodSetupView.swift; sourceTree = "<group>"; };
		C1F67E8A27975B830017487F /* PodDetailsView.swift */ = {isa = PBXFileReference; fileEncoding = 4; lastKnownFileType = sourcecode.swift; path = PodDetailsView.swift; sourceTree = "<group>"; };
		C1F67EA327975CCA0017487F /* DashUICoordinator.swift */ = {isa = PBXFileReference; lastKnownFileType = sourcecode.swift; path = DashUICoordinator.swift; sourceTree = "<group>"; };
		C1F67EB327975E710017487F /* RoundedCard.swift */ = {isa = PBXFileReference; fileEncoding = 4; lastKnownFileType = sourcecode.swift; path = RoundedCard.swift; sourceTree = "<group>"; };
		C1F67EB427975E710017487F /* LeadingImage.swift */ = {isa = PBXFileReference; fileEncoding = 4; lastKnownFileType = sourcecode.swift; path = LeadingImage.swift; sourceTree = "<group>"; };
		C1F67EB527975E710017487F /* ErrorView.swift */ = {isa = PBXFileReference; fileEncoding = 4; lastKnownFileType = sourcecode.swift; path = ErrorView.swift; sourceTree = "<group>"; };
		C1F67EBD27975F360017487F /* InsertCannulaViewModel.swift */ = {isa = PBXFileReference; fileEncoding = 4; lastKnownFileType = sourcecode.swift; path = InsertCannulaViewModel.swift; sourceTree = "<group>"; };
		C1F67EBE27975F360017487F /* PairPodViewModel.swift */ = {isa = PBXFileReference; fileEncoding = 4; lastKnownFileType = sourcecode.swift; path = PairPodViewModel.swift; sourceTree = "<group>"; };
		C1F67EC027975F360017487F /* DeactivatePodViewModel.swift */ = {isa = PBXFileReference; fileEncoding = 4; lastKnownFileType = sourcecode.swift; path = DeactivatePodViewModel.swift; sourceTree = "<group>"; };
		C1F67EC127975F360017487F /* DeliveryUncertaintyRecoveryViewModel.swift */ = {isa = PBXFileReference; fileEncoding = 4; lastKnownFileType = sourcecode.swift; path = DeliveryUncertaintyRecoveryViewModel.swift; sourceTree = "<group>"; };
		C1F67EC227975F360017487F /* OmniBLESettingsViewModel.swift */ = {isa = PBXFileReference; fileEncoding = 4; lastKnownFileType = sourcecode.swift; path = OmniBLESettingsViewModel.swift; sourceTree = "<group>"; };
		C1F67EC327975F360017487F /* PodLifeState.swift */ = {isa = PBXFileReference; fileEncoding = 4; lastKnownFileType = sourcecode.swift; path = PodLifeState.swift; sourceTree = "<group>"; };
		C1F67EDF2797B1EF0017487F /* OmniBLEHUDProvider.swift */ = {isa = PBXFileReference; lastKnownFileType = sourcecode.swift; path = OmniBLEHUDProvider.swift; sourceTree = "<group>"; };
		C1FAB5C729C786B000D25073 /* hi */ = {isa = PBXFileReference; lastKnownFileType = text.plist.strings; name = hi; path = hi.lproj/Localizable.strings; sourceTree = "<group>"; };
		C1FC36162AE58CCE00AC033A /* ru */ = {isa = PBXFileReference; lastKnownFileType = text.plist.strings; name = ru; path = ru.lproj/Localizable.strings; sourceTree = "<group>"; };
		C1FD685F2AE58C9A003DDFFD /* pl */ = {isa = PBXFileReference; lastKnownFileType = text.plist.strings; name = pl; path = pl.lproj/Localizable.strings; sourceTree = "<group>"; };
		C1FDCC1029C786F90056E652 /* sk */ = {isa = PBXFileReference; lastKnownFileType = text.plist.strings; name = sk; path = sk.lproj/Localizable.strings; sourceTree = "<group>"; };
		C1FF3D5229C786A900BDC1EC /* he */ = {isa = PBXFileReference; lastKnownFileType = text.plist.strings; name = he; path = he.lproj/Localizable.strings; sourceTree = "<group>"; };
		D8896C6127890E6B00E09A96 /* DetailedStatus+OmniBLE.swift */ = {isa = PBXFileReference; fileEncoding = 4; lastKnownFileType = sourcecode.swift; path = "DetailedStatus+OmniBLE.swift"; sourceTree = "<group>"; };
		D8C72BD92A50D7D700268D82 /* DanaKitParser */ = {isa = PBXFileReference; explicitFileType = "compiled.mach-o.executable"; includeInIndex = 0; path = DanaKitParser; sourceTree = BUILT_PRODUCTS_DIR; };
/* End PBXFileReference section */

/* Begin PBXFrameworksBuildPhase section */
		84752E7F26ED0FFE009FD801 /* Frameworks */ = {
			isa = PBXFrameworksBuildPhase;
			buildActionMask = 2147483647;
			files = (
				2742C7052AD875B100E67833 /* SlideButton in Frameworks */,
				847530F626ED65DD009FD801 /* LoopKit.framework in Frameworks */,
				8475306E26ED15DE009FD801 /* CryptoSwift in Frameworks */,
				847530F826ED65DD009FD801 /* LoopKitUI.framework in Frameworks */,
			);
			runOnlyForDeploymentPostprocessing = 0;
		};
		84752E8826ED0FFE009FD801 /* Frameworks */ = {
			isa = PBXFrameworksBuildPhase;
			buildActionMask = 2147483647;
			files = (
			);
			runOnlyForDeploymentPostprocessing = 0;
		};
		C187C194279086A8006E3557 /* Frameworks */ = {
			isa = PBXFrameworksBuildPhase;
			buildActionMask = 2147483647;
			files = (
				C1D27A1527908DC600C41EBA /* DanaKit.framework in Frameworks */,
			);
			runOnlyForDeploymentPostprocessing = 0;
		};
		D8C72BD62A50D7D700268D82 /* Frameworks */ = {
			isa = PBXFrameworksBuildPhase;
			buildActionMask = 2147483647;
			files = (
			);
			runOnlyForDeploymentPostprocessing = 0;
		};
/* End PBXFrameworksBuildPhase section */

/* Begin PBXGroup section */
		84752E7826ED0FFE009FD801 = {
			isa = PBXGroup;
			children = (
				C18DAD602AE58BDD00FAB288 /* Localizable.strings */,
				A91B2DEB276E1E5E001B0E95 /* README.md */,
				84752EE926ED1402009FD801 /* Common */,
				84752E8426ED0FFE009FD801 /* DanaKit */,
				84752E8F26ED0FFE009FD801 /* DanaKitTests */,
				C187C198279086A8006E3557 /* DanaKitPlugin */,
				84752E8326ED0FFE009FD801 /* Products */,
				84752E9C26ED10A0009FD801 /* Frameworks */,
			);
			sourceTree = "<group>";
		};
		84752E8326ED0FFE009FD801 /* Products */ = {
			isa = PBXGroup;
			children = (
				84752E8226ED0FFE009FD801 /* DanaKit.framework */,
				84752E8B26ED0FFE009FD801 /* DanaKitTests.xctest */,
				C187C197279086A8006E3557 /* DanaKitPlugin.loopplugin */,
				D8C72BD92A50D7D700268D82 /* DanaKitParser */,
			);
			name = Products;
			sourceTree = "<group>";
		};
		84752E8426ED0FFE009FD801 /* DanaKit */ = {
			isa = PBXGroup;
			children = (
				84752EAD26ED11A4009FD801 /* PumpManager */,
				8475311D26ED8246009FD801 /* PumpManagerUI */,
				84752E8526ED0FFE009FD801 /* DanaKit.h */,
				84752E8626ED0FFE009FD801 /* Info.plist */,
				4B67E2D3289B4EDB002D92AF /* Localizable.strings */,
			);
			path = DanaKit;
			sourceTree = "<group>";
		};
		84752E8F26ED0FFE009FD801 /* DanaKitTests */ = {
			isa = PBXGroup;
			children = (
				84752E9226ED0FFE009FD801 /* Info.plist */,
			);
			path = DanaKitTests;
			sourceTree = "<group>";
		};
		84752E9C26ED10A0009FD801 /* Frameworks */ = {
			isa = PBXGroup;
			children = (
				847530F426ED65DD009FD801 /* LoopKit.framework */,
				847530F526ED65DD009FD801 /* LoopKitUI.framework */,
			);
			name = Frameworks;
			sourceTree = "<group>";
		};
		84752EAD26ED11A4009FD801 /* PumpManager */ = {
			isa = PBXGroup;
			children = (
				C1C001C027A2349D00533D35 /* OmniBLE.swift */,
				D8896C6127890E6B00E09A96 /* DetailedStatus+OmniBLE.swift */,
				10389A2226FF7841002115E9 /* MessageTransport.swift */,
				1029AE4627094D0E00B7F5B6 /* OmniBLEPumpManager.swift */,
				1029AE4727094D0E00B7F5B6 /* OmniBLEPumpManagerState.swift */,
				102111422709462300784F13 /* PodCommsSession.swift */,
				1021114C2709467400784F13 /* PodComms.swift */,
				102111402709462300784F13 /* PodState.swift */,
				C1D27A1A27911E9900C41EBA /* PodAdvertisement.swift */,
			);
			path = PumpManager;
			sourceTree = "<group>";
		};
		84752EE926ED1402009FD801 /* Common */ = {
			isa = PBXGroup;
			children = (
			);
			path = Common;
			sourceTree = "<group>";
		};
		8475311D26ED8246009FD801 /* PumpManagerUI */ = {
			isa = PBXGroup;
			children = (
				C1F67EBB27975F060017487F /* ViewModels */,
				1029AE4A27094DDC00B7F5B6 /* OmniBLEPumpManager+UI.swift */,
				8475312626ED838A009FD801 /* ViewControllers */,
				8475311E26ED838A009FD801 /* Views */,
				C1F67EDF2797B1EF0017487F /* OmniBLEHUDProvider.swift */,
			);
			path = PumpManagerUI;
			sourceTree = "<group>";
		};
		8475311E26ED838A009FD801 /* Views */ = {
			isa = PBXGroup;
			children = (
				C1C001C327A2351D00533D35 /* OmniBLEReservoirView.swift */,
				C1C001C227A2351D00533D35 /* OmniBLEReservoirView.xib */,
				C1F67EB227975E710017487F /* DesignElements */,
				C1F67E7327975B830017487F /* AttachPodView.swift */,
				C1F67E7A27975B830017487F /* BasalStateView.swift */,
				C1F67E8027975B830017487F /* CheckInsertedCannulaView.swift */,
				C1F67E7727975B830017487F /* OmniBLESettingsView.swift */,
				C1F67E7927975B830017487F /* DeactivatePodView.swift */,
				C1F67E8227975B830017487F /* DeliveryUncertaintyRecoveryView.swift */,
				C1F67E7B27975B830017487F /* ExpirationReminderPickerView.swift */,
				C1F67E7827975B830017487F /* ExpirationReminderSetupView.swift */,
				C1F67E7D27975B830017487F /* HUDAssets.xcassets */,
				C1F67E8527975B830017487F /* InsertCannulaView.swift */,
				C1F67E8627975B830017487F /* LowReservoirReminderEditView.swift */,
				C1F67E7C27975B830017487F /* LowReservoirReminderSetupView.swift */,
				C1F67E8127975B830017487F /* NotificationSettingsView.swift */,
				C1F67E7F27975B830017487F /* PairPodView.swift */,
				C1F67E8A27975B830017487F /* PodDetailsView.swift */,
				C1F67E8827975B830017487F /* PodSetupView.swift */,
				C1F67E7427975B830017487F /* ScheduledExpirationReminderEditView.swift */,
				C1F67E8727975B830017487F /* SetupCompleteView.swift */,
				C1F67E7627975B830017487F /* TimeView.swift */,
				C1F67E8427975B830017487F /* UncertaintyRecoveredView.swift */,
				C187C190278FCEC9006E3557 /* InsulinTypeConfirmation.swift */,
				C1ED1E7127BAE44E00FED71C /* BeepPreferenceSelectionView.swift */,
				C1DBD512282FF79D009FCF74 /* ManualTempBasalEntryView.swift */,
			);
			path = Views;
			sourceTree = "<group>";
		};
		8475312626ED838A009FD801 /* ViewControllers */ = {
			isa = PBXGroup;
			children = (
				C1F67EA327975CCA0017487F /* DashUICoordinator.swift */,
			);
			path = ViewControllers;
			sourceTree = "<group>";
		};
		C187C198279086A8006E3557 /* DanaKitPlugin */ = {
			isa = PBXGroup;
			children = (
				C10D6D6D27A2395700F53D58 /* DanaKitPlugin.swift */,
				C187C1A427908B1C006E3557 /* Info.plist */,
				C187C1A127908795006E3557 /* Extensions */,
				C187C199279086A8006E3557 /* DanaKitPlugin.h */,
			);
			path = DanaKitPlugin;
			sourceTree = "<group>";
		};
		C187C1A127908795006E3557 /* Extensions */ = {
			isa = PBXGroup;
			children = (
				C187C1A2279087A4006E3557 /* OSLog.swift */,
			);
			path = Extensions;
			sourceTree = "<group>";
		};
		C1F67EB227975E710017487F /* DesignElements */ = {
			isa = PBXGroup;
			children = (
				C1F67EB327975E710017487F /* RoundedCard.swift */,
				C1F67EB427975E710017487F /* LeadingImage.swift */,
				C1F67EB527975E710017487F /* ErrorView.swift */,
			);
			path = DesignElements;
			sourceTree = "<group>";
		};
		C1F67EBB27975F060017487F /* ViewModels */ = {
			isa = PBXGroup;
			children = (
				C1F67EC227975F360017487F /* OmniBLESettingsViewModel.swift */,
				C1F67EC027975F360017487F /* DeactivatePodViewModel.swift */,
				C1F67EC127975F360017487F /* DeliveryUncertaintyRecoveryViewModel.swift */,
				C1F67EBD27975F360017487F /* InsertCannulaViewModel.swift */,
				C1F67EBE27975F360017487F /* PairPodViewModel.swift */,
				C1F67EC327975F360017487F /* PodLifeState.swift */,
			);
			path = ViewModels;
			sourceTree = "<group>";
		};
/* End PBXGroup section */

/* Begin PBXHeadersBuildPhase section */
		84752E7D26ED0FFE009FD801 /* Headers */ = {
			isa = PBXHeadersBuildPhase;
			buildActionMask = 2147483647;
			files = (
				84752E9326ED0FFE009FD801 /* DanaKit.h in Headers */,
			);
			runOnlyForDeploymentPostprocessing = 0;
		};
		C187C192279086A8006E3557 /* Headers */ = {
			isa = PBXHeadersBuildPhase;
			buildActionMask = 2147483647;
			files = (
				C187C19A279086A8006E3557 /* DanaKitPlugin.h in Headers */,
			);
			runOnlyForDeploymentPostprocessing = 0;
		};
/* End PBXHeadersBuildPhase section */

/* Begin PBXNativeTarget section */
		84752E8126ED0FFE009FD801 /* DanaKit */ = {
			isa = PBXNativeTarget;
			buildConfigurationList = 84752E9626ED0FFE009FD801 /* Build configuration list for PBXNativeTarget "DanaKit" */;
			buildPhases = (
				84752E7D26ED0FFE009FD801 /* Headers */,
				84752E7E26ED0FFE009FD801 /* Sources */,
				84752E7F26ED0FFE009FD801 /* Frameworks */,
				84752E8026ED0FFE009FD801 /* Resources */,
			);
			buildRules = (
			);
			dependencies = (
			);
			name = DanaKit;
			packageProductDependencies = (
				8475306D26ED15DE009FD801 /* CryptoSwift */,
				2742C7042AD875B100E67833 /* SlideButton */,
			);
			productName = OmniBLE;
			productReference = 84752E8226ED0FFE009FD801 /* DanaKit.framework */;
			productType = "com.apple.product-type.framework";
		};
		84752E8A26ED0FFE009FD801 /* DanaKitTests */ = {
			isa = PBXNativeTarget;
			buildConfigurationList = 84752E9926ED0FFE009FD801 /* Build configuration list for PBXNativeTarget "DanaKitTests" */;
			buildPhases = (
				84752E8726ED0FFE009FD801 /* Sources */,
				84752E8826ED0FFE009FD801 /* Frameworks */,
				84752E8926ED0FFE009FD801 /* Resources */,
			);
			buildRules = (
			);
			dependencies = (
				84752E8E26ED0FFE009FD801 /* PBXTargetDependency */,
			);
			name = DanaKitTests;
			productName = OmniBLETests;
			productReference = 84752E8B26ED0FFE009FD801 /* DanaKitTests.xctest */;
			productType = "com.apple.product-type.bundle.unit-test";
		};
		C187C196279086A8006E3557 /* DanaKitPlugin */ = {
			isa = PBXNativeTarget;
			buildConfigurationList = C187C19B279086A8006E3557 /* Build configuration list for PBXNativeTarget "DanaKitPlugin" */;
			buildPhases = (
				C187C192279086A8006E3557 /* Headers */,
				C187C193279086A8006E3557 /* Sources */,
				C187C194279086A8006E3557 /* Frameworks */,
				C187C195279086A8006E3557 /* Resources */,
				C1D27A1627908DCF00C41EBA /* CopyFiles */,
			);
			buildRules = (
			);
			dependencies = (
				C187C1A0279086FF006E3557 /* PBXTargetDependency */,
			);
			name = DanaKitPlugin;
			productName = OmniBLEPlugin;
			productReference = C187C197279086A8006E3557 /* DanaKitPlugin.loopplugin */;
			productType = "com.apple.product-type.framework";
		};
		D8C72BD82A50D7D700268D82 /* DanaKitParser */ = {
			isa = PBXNativeTarget;
			buildConfigurationList = D8C72BDF2A50D7D700268D82 /* Build configuration list for PBXNativeTarget "DanaKitParser" */;
			buildPhases = (
				D8C72BD52A50D7D700268D82 /* Sources */,
				D8C72BD62A50D7D700268D82 /* Frameworks */,
				D8C72BD72A50D7D700268D82 /* CopyFiles */,
				C18DAD672AE58BDD00FAB288 /* Resources */,
			);
			buildRules = (
			);
			dependencies = (
			);
			name = DanaKitParser;
			productName = OmniBLEParser;
			productReference = D8C72BD92A50D7D700268D82 /* DanaKitParser */;
			productType = "com.apple.product-type.tool";
		};
/* End PBXNativeTarget section */

/* Begin PBXProject section */
		84752E7926ED0FFE009FD801 /* Project object */ = {
			isa = PBXProject;
			attributes = {
				BuildIndependentTargetsInParallel = YES;
				LastSwiftUpdateCheck = 1430;
				LastUpgradeCheck = 1430;
				ORGANIZATIONNAME = "Randall Knutson";
				TargetAttributes = {
					84752E8126ED0FFE009FD801 = {
						CreatedOnToolsVersion = 12.5.1;
					};
					84752E8A26ED0FFE009FD801 = {
						CreatedOnToolsVersion = 12.5.1;
					};
					C187C196279086A8006E3557 = {
						CreatedOnToolsVersion = 13.2.1;
					};
					D8C72BD82A50D7D700268D82 = {
						CreatedOnToolsVersion = 14.3.1;
					};
				};
			};
			buildConfigurationList = 84752E7C26ED0FFE009FD801 /* Build configuration list for PBXProject "DanaKit" */;
			compatibilityVersion = "Xcode 13.0";
			developmentRegion = en;
			hasScannedForEncodings = 0;
			knownRegions = (
				en,
				Base,
				de,
				"zh-Hans",
				ja,
				nb,
				es,
				da,
				it,
				sv,
				pl,
				"pt-BR",
				vi,
				ru,
				fr,
				fi,
				nl,
				ro,
				he,
				tr,
				ar,
				cs,
				hi,
				sk,
			);
			mainGroup = 84752E7826ED0FFE009FD801;
			packageReferences = (
				8475306C26ED15DE009FD801 /* XCRemoteSwiftPackageReference "CryptoSwift" */,
				2742C7032AD875B100E67833 /* XCRemoteSwiftPackageReference "SlideButton" */,
			);
			productRefGroup = 84752E8326ED0FFE009FD801 /* Products */;
			projectDirPath = "";
			projectRoot = "";
			targets = (
				84752E8126ED0FFE009FD801 /* DanaKit */,
				84752E8A26ED0FFE009FD801 /* DanaKitTests */,
				C187C196279086A8006E3557 /* DanaKitPlugin */,
				D8C72BD82A50D7D700268D82 /* DanaKitParser */,
			);
		};
/* End PBXProject section */

/* Begin PBXResourcesBuildPhase section */
		84752E8026ED0FFE009FD801 /* Resources */ = {
			isa = PBXResourcesBuildPhase;
			buildActionMask = 2147483647;
			files = (
				C1F67E9527975B830017487F /* HUDAssets.xcassets in Resources */,
				4B67E2D5289B4EDB002D92AF /* Localizable.strings in Resources */,
				A91B2DEC276E1E5E001B0E95 /* README.md in Resources */,
				C1C001C427A2351D00533D35 /* OmniBLEReservoirView.xib in Resources */,
			);
			runOnlyForDeploymentPostprocessing = 0;
		};
		84752E8926ED0FFE009FD801 /* Resources */ = {
			isa = PBXResourcesBuildPhase;
			buildActionMask = 2147483647;
			files = (
			);
			runOnlyForDeploymentPostprocessing = 0;
		};
		C187C195279086A8006E3557 /* Resources */ = {
			isa = PBXResourcesBuildPhase;
			buildActionMask = 2147483647;
			files = (
			);
			runOnlyForDeploymentPostprocessing = 0;
		};
		C18DAD672AE58BDD00FAB288 /* Resources */ = {
			isa = PBXResourcesBuildPhase;
			buildActionMask = 2147483647;
			files = (
				C18DAD622AE58BDD00FAB288 /* Localizable.strings in Resources */,
			);
			runOnlyForDeploymentPostprocessing = 0;
		};
/* End PBXResourcesBuildPhase section */

/* Begin PBXSourcesBuildPhase section */
		84752E7E26ED0FFE009FD801 /* Sources */ = {
			isa = PBXSourcesBuildPhase;
			buildActionMask = 2147483647;
			files = (
				C1F67E8B27975B830017487F /* AttachPodView.swift in Sources */,
				C1D27A1B27911E9900C41EBA /* PodAdvertisement.swift in Sources */,
				C1F67EE02797B1EF0017487F /* OmniBLEHUDProvider.swift in Sources */,
				C1F67E9327975B830017487F /* ExpirationReminderPickerView.swift in Sources */,
				C1F67E8C27975B830017487F /* ScheduledExpirationReminderEditView.swift in Sources */,
				C1F67EB827975E710017487F /* ErrorView.swift in Sources */,
				1029AE4927094D0E00B7F5B6 /* OmniBLEPumpManagerState.swift in Sources */,
				C1F67E9927975B830017487F /* NotificationSettingsView.swift in Sources */,
				C1F67E9727975B830017487F /* PairPodView.swift in Sources */,
				C1F67EB727975E710017487F /* LeadingImage.swift in Sources */,
				C1F67ECB27975F360017487F /* PodLifeState.swift in Sources */,
				C1F67E9E27975B830017487F /* LowReservoirReminderEditView.swift in Sources */,
				C1F67E8E27975B830017487F /* TimeView.swift in Sources */,
				C1F67E9827975B830017487F /* CheckInsertedCannulaView.swift in Sources */,
				C1F67EC527975F360017487F /* InsertCannulaViewModel.swift in Sources */,
				C1F67E9027975B830017487F /* ExpirationReminderSetupView.swift in Sources */,
				102111492709462300784F13 /* PodCommsSession.swift in Sources */,
				C1ED1E7227BAE44E00FED71C /* BeepPreferenceSelectionView.swift in Sources */,
				C1F67E9A27975B830017487F /* DeliveryUncertaintyRecoveryView.swift in Sources */,
				1021114D2709467400784F13 /* PodComms.swift in Sources */,
				C1F67EA427975CCA0017487F /* DashUICoordinator.swift in Sources */,
				C1C001C527A2351D00533D35 /* OmniBLEReservoirView.swift in Sources */,
				C1F67EA227975B830017487F /* PodDetailsView.swift in Sources */,
				1029AE4B27094DDC00B7F5B6 /* OmniBLEPumpManager+UI.swift in Sources */,
				C1F67E9D27975B830017487F /* InsertCannulaView.swift in Sources */,
				C1F67EC927975F360017487F /* DeliveryUncertaintyRecoveryViewModel.swift in Sources */,
				102111472709462300784F13 /* PodState.swift in Sources */,
				C1F67ECA27975F360017487F /* OmniBLESettingsViewModel.swift in Sources */,
				C1F67E9227975B830017487F /* BasalStateView.swift in Sources */,
				C1C001C127A2349D00533D35 /* OmniBLE.swift in Sources */,
				C1DBD513282FF79D009FCF74 /* ManualTempBasalEntryView.swift in Sources */,
				C1F67EA027975B830017487F /* PodSetupView.swift in Sources */,
				D8896C6227890E6B00E09A96 /* DetailedStatus+OmniBLE.swift in Sources */,
				1029AE4827094D0E00B7F5B6 /* OmniBLEPumpManager.swift in Sources */,
				C1F67EC827975F360017487F /* DeactivatePodViewModel.swift in Sources */,
				C1F67E9127975B830017487F /* DeactivatePodView.swift in Sources */,
				C1F67E9427975B830017487F /* LowReservoirReminderSetupView.swift in Sources */,
				C1F67EB627975E710017487F /* RoundedCard.swift in Sources */,
				C1F67EC627975F360017487F /* PairPodViewModel.swift in Sources */,
				C187C191278FCEC9006E3557 /* InsulinTypeConfirmation.swift in Sources */,
				C1F67E9C27975B830017487F /* UncertaintyRecoveredView.swift in Sources */,
				10389A4126FF7841002115E9 /* MessageTransport.swift in Sources */,
				C1F67E8F27975B830017487F /* OmniBLESettingsView.swift in Sources */,
				C1F67E9F27975B830017487F /* SetupCompleteView.swift in Sources */,
			);
			runOnlyForDeploymentPostprocessing = 0;
		};
		84752E8726ED0FFE009FD801 /* Sources */ = {
			isa = PBXSourcesBuildPhase;
			buildActionMask = 2147483647;
			files = (
			);
			runOnlyForDeploymentPostprocessing = 0;
		};
		C187C193279086A8006E3557 /* Sources */ = {
			isa = PBXSourcesBuildPhase;
			buildActionMask = 2147483647;
			files = (
				C187C1A3279087A4006E3557 /* OSLog.swift in Sources */,
				C10D6D6E27A2395700F53D58 /* DanaKitPlugin.swift in Sources */,
			);
			runOnlyForDeploymentPostprocessing = 0;
		};
		D8C72BD52A50D7D700268D82 /* Sources */ = {
			isa = PBXSourcesBuildPhase;
			buildActionMask = 2147483647;
			files = (
			);
			runOnlyForDeploymentPostprocessing = 0;
		};
/* End PBXSourcesBuildPhase section */

/* Begin PBXTargetDependency section */
		84752E8E26ED0FFE009FD801 /* PBXTargetDependency */ = {
			isa = PBXTargetDependency;
			target = 84752E8126ED0FFE009FD801 /* DanaKit */;
			targetProxy = 84752E8D26ED0FFE009FD801 /* PBXContainerItemProxy */;
		};
		C187C1A0279086FF006E3557 /* PBXTargetDependency */ = {
			isa = PBXTargetDependency;
			target = 84752E8126ED0FFE009FD801 /* DanaKit */;
			targetProxy = C187C19F279086FF006E3557 /* PBXContainerItemProxy */;
		};
/* End PBXTargetDependency section */

/* Begin PBXVariantGroup section */
		4B67E2D3289B4EDB002D92AF /* Localizable.strings */ = {
			isa = PBXVariantGroup;
			children = (
				4B67E2D4289B4EDB002D92AF /* de */,
				4B23AA6328D909E2009B453B /* en */,
				4B23AA6428D909E7009B453B /* zh-Hans */,
				4B23AA6528D909E9009B453B /* da */,
				4B23AA6628D909EC009B453B /* nl */,
				4B23AA6728D909EE009B453B /* fi */,
				4B23AA6828D909F1009B453B /* fr */,
				4B23AA6A28D909F5009B453B /* it */,
				4B23AA6B28D909F7009B453B /* ja */,
				4B23AA6C28D909FA009B453B /* nb */,
				4B23AA6D28D909FD009B453B /* pl */,
				4B23AA6E28D909FF009B453B /* pt-BR */,
				4B23AA6F28D90A01009B453B /* ro */,
				4B23AA7028D90A03009B453B /* ru */,
				4B23AA7128D90A06009B453B /* es */,
				4B23AA7228D90A08009B453B /* sv */,
				4B23AA7428D90A0D009B453B /* vi */,
				C19E3881298638CE00851444 /* tr */,
				C15A583029C7866600D3A5A1 /* ar */,
				C121D8D829C7866D00DA0520 /* cs */,
				C1FF3D5229C786A900BDC1EC /* he */,
				C1FAB5C729C786B000D25073 /* hi */,
				C1FDCC1029C786F90056E652 /* sk */,
			);
			name = Localizable.strings;
			sourceTree = "<group>";
		};
		C18DAD602AE58BDD00FAB288 /* Localizable.strings */ = {
			isa = PBXVariantGroup;
			children = (
				C18DAD612AE58BDD00FAB288 /* de */,
				C17E22892AE58C5500CFDE99 /* it */,
				C13F70D42AE58C76002A292B /* nb */,
				C17C23AA2AE58C87003AD249 /* nl */,
				C1FD685F2AE58C9A003DDFFD /* pl */,
				C1FC36162AE58CCE00AC033A /* ru */,
			);
			name = Localizable.strings;
			sourceTree = "<group>";
		};
/* End PBXVariantGroup section */

/* Begin XCBuildConfiguration section */
		84752E9426ED0FFE009FD801 /* Debug */ = {
			isa = XCBuildConfiguration;
			buildSettings = {
				ALWAYS_SEARCH_USER_PATHS = NO;
				CLANG_ANALYZER_LOCALIZABILITY_NONLOCALIZED = YES;
				CLANG_ANALYZER_NONNULL = YES;
				CLANG_ANALYZER_NUMBER_OBJECT_CONVERSION = YES_AGGRESSIVE;
				CLANG_CXX_LANGUAGE_STANDARD = "gnu++14";
				CLANG_CXX_LIBRARY = "libc++";
				CLANG_ENABLE_MODULES = YES;
				CLANG_ENABLE_OBJC_ARC = YES;
				CLANG_ENABLE_OBJC_WEAK = YES;
				CLANG_WARN_BLOCK_CAPTURE_AUTORELEASING = YES;
				CLANG_WARN_BOOL_CONVERSION = YES;
				CLANG_WARN_COMMA = YES;
				CLANG_WARN_CONSTANT_CONVERSION = YES;
				CLANG_WARN_DEPRECATED_OBJC_IMPLEMENTATIONS = YES;
				CLANG_WARN_DIRECT_OBJC_ISA_USAGE = YES_ERROR;
				CLANG_WARN_DOCUMENTATION_COMMENTS = YES;
				CLANG_WARN_EMPTY_BODY = YES;
				CLANG_WARN_ENUM_CONVERSION = YES;
				CLANG_WARN_INFINITE_RECURSION = YES;
				CLANG_WARN_INT_CONVERSION = YES;
				CLANG_WARN_NON_LITERAL_NULL_CONVERSION = YES;
				CLANG_WARN_OBJC_IMPLICIT_RETAIN_SELF = YES;
				CLANG_WARN_OBJC_LITERAL_CONVERSION = YES;
				CLANG_WARN_OBJC_ROOT_CLASS = YES_ERROR;
				CLANG_WARN_QUOTED_INCLUDE_IN_FRAMEWORK_HEADER = YES;
				CLANG_WARN_RANGE_LOOP_ANALYSIS = YES;
				CLANG_WARN_STRICT_PROTOTYPES = YES;
				CLANG_WARN_SUSPICIOUS_MOVE = YES;
				CLANG_WARN_UNGUARDED_AVAILABILITY = YES_AGGRESSIVE;
				CLANG_WARN_UNREACHABLE_CODE = YES;
				CLANG_WARN__DUPLICATE_METHOD_MATCH = YES;
				COPY_PHASE_STRIP = NO;
				CURRENT_PROJECT_VERSION = 1;
				DEBUG_INFORMATION_FORMAT = dwarf;
				ENABLE_STRICT_OBJC_MSGSEND = YES;
				ENABLE_TESTABILITY = YES;
				GCC_C_LANGUAGE_STANDARD = gnu11;
				GCC_DYNAMIC_NO_PIC = NO;
				GCC_NO_COMMON_BLOCKS = YES;
				GCC_OPTIMIZATION_LEVEL = 0;
				GCC_PREPROCESSOR_DEFINITIONS = (
					"DEBUG=1",
					"$(inherited)",
				);
				GCC_WARN_64_TO_32_BIT_CONVERSION = YES;
				GCC_WARN_ABOUT_RETURN_TYPE = YES_ERROR;
				GCC_WARN_UNDECLARED_SELECTOR = YES;
				GCC_WARN_UNINITIALIZED_AUTOS = YES_AGGRESSIVE;
				GCC_WARN_UNUSED_FUNCTION = YES;
				GCC_WARN_UNUSED_VARIABLE = YES;
				IPHONEOS_DEPLOYMENT_TARGET = 15.1;
				LOCALIZED_STRING_MACRO_NAMES = (
					NSLocalizedString,
					CFCopyLocalizedString,
					LocalizedString,
					FrameworkLocalText,
				);
				MTL_ENABLE_DEBUG_INFO = INCLUDE_SOURCE;
				MTL_FAST_MATH = YES;
				ONLY_ACTIVE_ARCH = YES;
				SDKROOT = iphoneos;
				SWIFT_ACTIVE_COMPILATION_CONDITIONS = DEBUG;
				SWIFT_OPTIMIZATION_LEVEL = "-Onone";
				VERSIONING_SYSTEM = "apple-generic";
				VERSION_INFO_PREFIX = "";
			};
			name = Debug;
		};
		84752E9526ED0FFE009FD801 /* Release */ = {
			isa = XCBuildConfiguration;
			buildSettings = {
				ALWAYS_SEARCH_USER_PATHS = NO;
				CLANG_ANALYZER_LOCALIZABILITY_NONLOCALIZED = YES;
				CLANG_ANALYZER_NONNULL = YES;
				CLANG_ANALYZER_NUMBER_OBJECT_CONVERSION = YES_AGGRESSIVE;
				CLANG_CXX_LANGUAGE_STANDARD = "gnu++14";
				CLANG_CXX_LIBRARY = "libc++";
				CLANG_ENABLE_MODULES = YES;
				CLANG_ENABLE_OBJC_ARC = YES;
				CLANG_ENABLE_OBJC_WEAK = YES;
				CLANG_WARN_BLOCK_CAPTURE_AUTORELEASING = YES;
				CLANG_WARN_BOOL_CONVERSION = YES;
				CLANG_WARN_COMMA = YES;
				CLANG_WARN_CONSTANT_CONVERSION = YES;
				CLANG_WARN_DEPRECATED_OBJC_IMPLEMENTATIONS = YES;
				CLANG_WARN_DIRECT_OBJC_ISA_USAGE = YES_ERROR;
				CLANG_WARN_DOCUMENTATION_COMMENTS = YES;
				CLANG_WARN_EMPTY_BODY = YES;
				CLANG_WARN_ENUM_CONVERSION = YES;
				CLANG_WARN_INFINITE_RECURSION = YES;
				CLANG_WARN_INT_CONVERSION = YES;
				CLANG_WARN_NON_LITERAL_NULL_CONVERSION = YES;
				CLANG_WARN_OBJC_IMPLICIT_RETAIN_SELF = YES;
				CLANG_WARN_OBJC_LITERAL_CONVERSION = YES;
				CLANG_WARN_OBJC_ROOT_CLASS = YES_ERROR;
				CLANG_WARN_QUOTED_INCLUDE_IN_FRAMEWORK_HEADER = YES;
				CLANG_WARN_RANGE_LOOP_ANALYSIS = YES;
				CLANG_WARN_STRICT_PROTOTYPES = YES;
				CLANG_WARN_SUSPICIOUS_MOVE = YES;
				CLANG_WARN_UNGUARDED_AVAILABILITY = YES_AGGRESSIVE;
				CLANG_WARN_UNREACHABLE_CODE = YES;
				CLANG_WARN__DUPLICATE_METHOD_MATCH = YES;
				COPY_PHASE_STRIP = NO;
				CURRENT_PROJECT_VERSION = 1;
				DEBUG_INFORMATION_FORMAT = "dwarf-with-dsym";
				ENABLE_NS_ASSERTIONS = NO;
				ENABLE_STRICT_OBJC_MSGSEND = YES;
				GCC_C_LANGUAGE_STANDARD = gnu11;
				GCC_NO_COMMON_BLOCKS = YES;
				GCC_WARN_64_TO_32_BIT_CONVERSION = YES;
				GCC_WARN_ABOUT_RETURN_TYPE = YES_ERROR;
				GCC_WARN_UNDECLARED_SELECTOR = YES;
				GCC_WARN_UNINITIALIZED_AUTOS = YES_AGGRESSIVE;
				GCC_WARN_UNUSED_FUNCTION = YES;
				GCC_WARN_UNUSED_VARIABLE = YES;
				IPHONEOS_DEPLOYMENT_TARGET = 15.1;
				LOCALIZED_STRING_MACRO_NAMES = (
					NSLocalizedString,
					CFCopyLocalizedString,
					LocalizedString,
					FrameworkLocalText,
				);
				MTL_ENABLE_DEBUG_INFO = NO;
				MTL_FAST_MATH = YES;
				SDKROOT = iphoneos;
				SWIFT_COMPILATION_MODE = wholemodule;
				SWIFT_OPTIMIZATION_LEVEL = "-O";
				VALIDATE_PRODUCT = YES;
				VERSIONING_SYSTEM = "apple-generic";
				VERSION_INFO_PREFIX = "";
			};
			name = Release;
		};
		84752E9726ED0FFE009FD801 /* Debug */ = {
			isa = XCBuildConfiguration;
			buildSettings = {
				CODE_SIGN_IDENTITY = "";
				CODE_SIGN_STYLE = Automatic;
				DEFINES_MODULE = YES;
				DYLIB_COMPATIBILITY_VERSION = 1;
				DYLIB_CURRENT_VERSION = 1;
				DYLIB_INSTALL_NAME_BASE = "@rpath";
				ENABLE_MODULE_VERIFIER = YES;
				FRAMEWORK_SEARCH_PATHS = "";
				INFOPLIST_FILE = OmniBLE/Info.plist;
				INSTALL_PATH = "$(LOCAL_LIBRARY_DIR)/Frameworks";
				LD_RUNPATH_SEARCH_PATHS = (
					"$(inherited)",
					"@executable_path/Frameworks",
					"@loader_path/Frameworks",
				);
				LOCALIZED_STRING_MACRO_NAMES = (
					NSLocalizedString,
					CFCopyLocalizedString,
					LocalizedString,
					FrameworkLocalText,
				);
				MODULE_VERIFIER_SUPPORTED_LANGUAGES = "objective-c objective-c++";
				MODULE_VERIFIER_SUPPORTED_LANGUAGE_STANDARDS = "gnu11 gnu++14";
				PRODUCT_BUNDLE_IDENTIFIER = com.randallknutson.OmniBLE;
				PRODUCT_NAME = "$(TARGET_NAME:c99extidentifier)";
				SKIP_INSTALL = YES;
				SUPPORTED_PLATFORMS = "iphoneos iphonesimulator";
				SUPPORTS_MACCATALYST = NO;
				SUPPORTS_MAC_DESIGNED_FOR_IPHONE_IPAD = NO;
				SWIFT_EMIT_LOC_STRINGS = YES;
				SWIFT_INSTALL_OBJC_HEADER = NO;
				SWIFT_VERSION = 5.0;
				TARGETED_DEVICE_FAMILY = "1,2";
				WRAPPER_EXTENSION = framework;
			};
			name = Debug;
		};
		84752E9826ED0FFE009FD801 /* Release */ = {
			isa = XCBuildConfiguration;
			buildSettings = {
				CODE_SIGN_IDENTITY = "";
				CODE_SIGN_STYLE = Automatic;
				DEFINES_MODULE = YES;
				DYLIB_COMPATIBILITY_VERSION = 1;
				DYLIB_CURRENT_VERSION = 1;
				DYLIB_INSTALL_NAME_BASE = "@rpath";
				ENABLE_MODULE_VERIFIER = YES;
				FRAMEWORK_SEARCH_PATHS = "";
				INFOPLIST_FILE = OmniBLE/Info.plist;
				INSTALL_PATH = "$(LOCAL_LIBRARY_DIR)/Frameworks";
				LD_RUNPATH_SEARCH_PATHS = (
					"$(inherited)",
					"@executable_path/Frameworks",
					"@loader_path/Frameworks",
				);
				LOCALIZED_STRING_MACRO_NAMES = (
					NSLocalizedString,
					CFCopyLocalizedString,
					LocalizedString,
					FrameworkLocalText,
				);
				MODULE_VERIFIER_SUPPORTED_LANGUAGES = "objective-c objective-c++";
				MODULE_VERIFIER_SUPPORTED_LANGUAGE_STANDARDS = "gnu11 gnu++14";
				PRODUCT_BUNDLE_IDENTIFIER = com.randallknutson.OmniBLE;
				PRODUCT_NAME = "$(TARGET_NAME:c99extidentifier)";
				SKIP_INSTALL = YES;
				SUPPORTED_PLATFORMS = "iphoneos iphonesimulator";
				SUPPORTS_MACCATALYST = NO;
				SUPPORTS_MAC_DESIGNED_FOR_IPHONE_IPAD = NO;
				SWIFT_EMIT_LOC_STRINGS = YES;
				SWIFT_INSTALL_OBJC_HEADER = NO;
				SWIFT_VERSION = 5.0;
				TARGETED_DEVICE_FAMILY = "1,2";
				WRAPPER_EXTENSION = framework;
			};
			name = Release;
		};
		84752E9A26ED0FFE009FD801 /* Debug */ = {
			isa = XCBuildConfiguration;
			buildSettings = {
				ALWAYS_EMBED_SWIFT_STANDARD_LIBRARIES = YES;
				CODE_SIGN_STYLE = Automatic;
				FRAMEWORK_SEARCH_PATHS = "";
				INFOPLIST_FILE = OmniBLETests/Info.plist;
				LD_RUNPATH_SEARCH_PATHS = (
					"$(inherited)",
					"@executable_path/Frameworks",
					"@loader_path/Frameworks",
				);
				PRODUCT_BUNDLE_IDENTIFIER = com.randallknutson.OmniBLETests;
				PRODUCT_NAME = "$(TARGET_NAME)";
				SUPPORTED_PLATFORMS = "iphoneos iphonesimulator";
				SUPPORTS_MACCATALYST = NO;
				SUPPORTS_MAC_DESIGNED_FOR_IPHONE_IPAD = NO;
				SWIFT_VERSION = 5.0;
				TARGETED_DEVICE_FAMILY = "1,2";
			};
			name = Debug;
		};
		84752E9B26ED0FFE009FD801 /* Release */ = {
			isa = XCBuildConfiguration;
			buildSettings = {
				ALWAYS_EMBED_SWIFT_STANDARD_LIBRARIES = YES;
				CODE_SIGN_STYLE = Automatic;
				FRAMEWORK_SEARCH_PATHS = "";
				INFOPLIST_FILE = OmniBLETests/Info.plist;
				LD_RUNPATH_SEARCH_PATHS = (
					"$(inherited)",
					"@executable_path/Frameworks",
					"@loader_path/Frameworks",
				);
				PRODUCT_BUNDLE_IDENTIFIER = com.randallknutson.OmniBLETests;
				PRODUCT_NAME = "$(TARGET_NAME)";
				SUPPORTED_PLATFORMS = "iphoneos iphonesimulator";
				SUPPORTS_MACCATALYST = NO;
				SUPPORTS_MAC_DESIGNED_FOR_IPHONE_IPAD = NO;
				SWIFT_VERSION = 5.0;
				TARGETED_DEVICE_FAMILY = "1,2";
			};
			name = Release;
		};
		C187C19C279086A8006E3557 /* Debug */ = {
			isa = XCBuildConfiguration;
			buildSettings = {
				CLANG_CXX_LANGUAGE_STANDARD = "gnu++17";
				CODE_SIGN_IDENTITY = "";
				CODE_SIGN_STYLE = Automatic;
				CURRENT_PROJECT_VERSION = 1;
				DEFINES_MODULE = NO;
				DEVELOPMENT_TEAM = "";
				DYLIB_COMPATIBILITY_VERSION = 1;
				DYLIB_CURRENT_VERSION = 1;
				DYLIB_INSTALL_NAME_BASE = "@rpath";
				GENERATE_INFOPLIST_FILE = NO;
				INFOPLIST_FILE = OmniBLEPlugin/Info.plist;
				INFOPLIST_KEY_NSHumanReadableCopyright = "Copyright © 2022 LoopKit Authors. All rights reserved.";
				INSTALL_PATH = "$(LOCAL_LIBRARY_DIR)/Frameworks";
				IPHONEOS_DEPLOYMENT_TARGET = 15.2;
				LD_DYLIB_INSTALL_NAME = "";
				LD_RUNPATH_SEARCH_PATHS = (
					"$(inherited)",
					"@executable_path/Frameworks",
					"@loader_path/Frameworks",
				);
				MARKETING_VERSION = 1.0;
				PRODUCT_BUNDLE_IDENTIFIER = com.randallknutson.OmniBLEPlugin;
				PRODUCT_NAME = "$(TARGET_NAME:c99extidentifier)";
				SKIP_INSTALL = YES;
				SUPPORTED_PLATFORMS = "iphoneos iphonesimulator";
				SUPPORTS_MACCATALYST = NO;
				SUPPORTS_MAC_DESIGNED_FOR_IPHONE_IPAD = NO;
				SWIFT_EMIT_LOC_STRINGS = YES;
				SWIFT_VERSION = 5.0;
				TARGETED_DEVICE_FAMILY = 1;
				WRAPPER_EXTENSION = loopplugin;
			};
			name = Debug;
		};
		C187C19D279086A8006E3557 /* Release */ = {
			isa = XCBuildConfiguration;
			buildSettings = {
				CLANG_CXX_LANGUAGE_STANDARD = "gnu++17";
				CODE_SIGN_IDENTITY = "";
				CODE_SIGN_STYLE = Automatic;
				CURRENT_PROJECT_VERSION = 1;
				DEFINES_MODULE = NO;
				DEVELOPMENT_TEAM = "";
				DYLIB_COMPATIBILITY_VERSION = 1;
				DYLIB_CURRENT_VERSION = 1;
				DYLIB_INSTALL_NAME_BASE = "@rpath";
				GENERATE_INFOPLIST_FILE = NO;
				INFOPLIST_FILE = OmniBLEPlugin/Info.plist;
				INFOPLIST_KEY_NSHumanReadableCopyright = "Copyright © 2022 LoopKit Authors. All rights reserved.";
				INSTALL_PATH = "$(LOCAL_LIBRARY_DIR)/Frameworks";
				IPHONEOS_DEPLOYMENT_TARGET = 15.2;
				LD_DYLIB_INSTALL_NAME = "";
				LD_RUNPATH_SEARCH_PATHS = (
					"$(inherited)",
					"@executable_path/Frameworks",
					"@loader_path/Frameworks",
				);
				MARKETING_VERSION = 1.0;
				PRODUCT_BUNDLE_IDENTIFIER = com.randallknutson.OmniBLEPlugin;
				PRODUCT_NAME = "$(TARGET_NAME:c99extidentifier)";
				SKIP_INSTALL = YES;
				SUPPORTED_PLATFORMS = "iphoneos iphonesimulator";
				SUPPORTS_MACCATALYST = NO;
				SUPPORTS_MAC_DESIGNED_FOR_IPHONE_IPAD = NO;
				SWIFT_EMIT_LOC_STRINGS = YES;
				SWIFT_VERSION = 5.0;
				TARGETED_DEVICE_FAMILY = 1;
				WRAPPER_EXTENSION = loopplugin;
			};
			name = Release;
		};
		D8C72BDD2A50D7D700268D82 /* Debug */ = {
			isa = XCBuildConfiguration;
			buildSettings = {
				CLANG_CXX_LANGUAGE_STANDARD = "gnu++20";
				CODE_SIGN_STYLE = Automatic;
				MACOSX_DEPLOYMENT_TARGET = 13.3;
				PRODUCT_NAME = "$(TARGET_NAME)";
				SDKROOT = macosx;
				SWIFT_VERSION = 5.0;
			};
			name = Debug;
		};
		D8C72BDE2A50D7D700268D82 /* Release */ = {
			isa = XCBuildConfiguration;
			buildSettings = {
				CLANG_CXX_LANGUAGE_STANDARD = "gnu++20";
				CODE_SIGN_STYLE = Automatic;
				MACOSX_DEPLOYMENT_TARGET = 13.3;
				PRODUCT_NAME = "$(TARGET_NAME)";
				SDKROOT = macosx;
				SWIFT_VERSION = 5.0;
			};
			name = Release;
		};
/* End XCBuildConfiguration section */

/* Begin XCConfigurationList section */
		84752E7C26ED0FFE009FD801 /* Build configuration list for PBXProject "DanaKit" */ = {
			isa = XCConfigurationList;
			buildConfigurations = (
				84752E9426ED0FFE009FD801 /* Debug */,
				84752E9526ED0FFE009FD801 /* Release */,
			);
			defaultConfigurationIsVisible = 0;
			defaultConfigurationName = Release;
		};
		84752E9626ED0FFE009FD801 /* Build configuration list for PBXNativeTarget "DanaKit" */ = {
			isa = XCConfigurationList;
			buildConfigurations = (
				84752E9726ED0FFE009FD801 /* Debug */,
				84752E9826ED0FFE009FD801 /* Release */,
			);
			defaultConfigurationIsVisible = 0;
			defaultConfigurationName = Release;
		};
		84752E9926ED0FFE009FD801 /* Build configuration list for PBXNativeTarget "DanaKitTests" */ = {
			isa = XCConfigurationList;
			buildConfigurations = (
				84752E9A26ED0FFE009FD801 /* Debug */,
				84752E9B26ED0FFE009FD801 /* Release */,
			);
			defaultConfigurationIsVisible = 0;
			defaultConfigurationName = Release;
		};
		C187C19B279086A8006E3557 /* Build configuration list for PBXNativeTarget "DanaKitPlugin" */ = {
			isa = XCConfigurationList;
			buildConfigurations = (
				C187C19C279086A8006E3557 /* Debug */,
				C187C19D279086A8006E3557 /* Release */,
			);
			defaultConfigurationIsVisible = 0;
			defaultConfigurationName = Release;
		};
		D8C72BDF2A50D7D700268D82 /* Build configuration list for PBXNativeTarget "DanaKitParser" */ = {
			isa = XCConfigurationList;
			buildConfigurations = (
				D8C72BDD2A50D7D700268D82 /* Debug */,
				D8C72BDE2A50D7D700268D82 /* Release */,
			);
			defaultConfigurationIsVisible = 0;
			defaultConfigurationName = Release;
		};
/* End XCConfigurationList section */

/* Begin XCRemoteSwiftPackageReference section */
		2742C7032AD875B100E67833 /* XCRemoteSwiftPackageReference "SlideButton" */ = {
			isa = XCRemoteSwiftPackageReference;
			repositoryURL = "https://github.com/no-comment/SlideButton";
			requirement = {
				branch = main;
				kind = branch;
			};
		};
		8475306C26ED15DE009FD801 /* XCRemoteSwiftPackageReference "CryptoSwift" */ = {
			isa = XCRemoteSwiftPackageReference;
			repositoryURL = "https://github.com/krzyzanowskim/CryptoSwift";
			requirement = {
				kind = upToNextMajorVersion;
				minimumVersion = 1.4.1;
			};
		};
/* End XCRemoteSwiftPackageReference section */

/* Begin XCSwiftPackageProductDependency section */
		2742C7042AD875B100E67833 /* SlideButton */ = {
			isa = XCSwiftPackageProductDependency;
			package = 2742C7032AD875B100E67833 /* XCRemoteSwiftPackageReference "SlideButton" */;
			productName = SlideButton;
		};
		8475306D26ED15DE009FD801 /* CryptoSwift */ = {
			isa = XCSwiftPackageProductDependency;
			package = 8475306C26ED15DE009FD801 /* XCRemoteSwiftPackageReference "CryptoSwift" */;
			productName = CryptoSwift;
		};
/* End XCSwiftPackageProductDependency section */
	};
	rootObject = 84752E7926ED0FFE009FD801 /* Project object */;
}
