// !$*UTF8*$!
{
	archiveVersion = 1;
	classes = {
	};
	objectVersion = 70;
	objects = {

/* Begin PBXBuildFile section */
		3E07E695302A5B440084A02D /* DanaKit.framework in Frameworks */ = {isa = PBXBuildFile; fileRef = 84752E8226ED0FFE009FD801 /* DanaKit.framework */; platformFilter = ios; };
		3EC76F7D2E5B2DA5002A3D2B /* DanaKit.framework in Frameworks */ = {isa = PBXBuildFile; fileRef = 84752E8226ED0FFE009FD801 /* DanaKit.framework */; };
		3EC76F7E2E5B2DA5002A3D2B /* DanaKit.framework in Embed Frameworks */ = {isa = PBXBuildFile; fileRef = 84752E8226ED0FFE009FD801 /* DanaKit.framework */; settings = {ATTRIBUTES = (CodeSignOnCopy, RemoveHeadersOnCopy, ); }; };
		847530F626ED65DD009FD801 /* LoopKit.framework in Frameworks */ = {isa = PBXBuildFile; fileRef = 847530F426ED65DD009FD801 /* LoopKit.framework */; };
		847530F826ED65DD009FD801 /* LoopKitUI.framework in Frameworks */ = {isa = PBXBuildFile; fileRef = 847530F526ED65DD009FD801 /* LoopKitUI.framework */; };
		A91B2DEC276E1E5E001B0E95 /* README.md in Resources */ = {isa = PBXBuildFile; fileRef = A91B2DEB276E1E5E001B0E95 /* README.md */; };
/* End PBXBuildFile section */

/* Begin PBXContainerItemProxy section */
		3E07E696302A5B440084A02D /* PBXContainerItemProxy */ = {
			isa = PBXContainerItemProxy;
			containerPortal = 84752E7926ED0FFE009FD801 /* Project object */;
			proxyType = 1;
			remoteGlobalIDString = 84752E8126ED0FFE009FD801;
			remoteInfo = DanaKit;
		};
		3EC76F7F2E5B2DA5002A3D2B /* PBXContainerItemProxy */ = {
			isa = PBXContainerItemProxy;
			containerPortal = 84752E7926ED0FFE009FD801 /* Project object */;
			proxyType = 1;
			remoteGlobalIDString = 84752E8126ED0FFE009FD801;
			remoteInfo = DanaKit;
		};
/* End PBXContainerItemProxy section */

/* Begin PBXCopyFilesBuildPhase section */
		3EC76F812E5B2DA5002A3D2B /* Embed Frameworks */ = {
			isa = PBXCopyFilesBuildPhase;
			buildActionMask = 2147483647;
			dstPath = "";
			dstSubfolderSpec = 10;
			files = (
				3EC76F7E2E5B2DA5002A3D2B /* DanaKit.framework in Embed Frameworks */,
			);
			name = "Embed Frameworks";
			runOnlyForDeploymentPostprocessing = 0;
		};
/* End PBXCopyFilesBuildPhase section */

/* Begin PBXFileReference section */
		3E07E691302A5B440084A02D /* DanaKitTests.xctest */ = {isa = PBXFileReference; explicitFileType = wrapper.cfbundle; includeInIndex = 0; path = DanaKitTests.xctest; sourceTree = BUILT_PRODUCTS_DIR; };
		84752E8226ED0FFE009FD801 /* DanaKit.framework */ = {isa = PBXFileReference; explicitFileType = wrapper.framework; includeInIndex = 0; path = DanaKit.framework; sourceTree = BUILT_PRODUCTS_DIR; };
		847530F426ED65DD009FD801 /* LoopKit.framework */ = {isa = PBXFileReference; explicitFileType = wrapper.framework; path = LoopKit.framework; sourceTree = BUILT_PRODUCTS_DIR; };
		847530F526ED65DD009FD801 /* LoopKitUI.framework */ = {isa = PBXFileReference; explicitFileType = wrapper.framework; path = LoopKitUI.framework; sourceTree = BUILT_PRODUCTS_DIR; };
		A91B2DEB276E1E5E001B0E95 /* README.md */ = {isa = PBXFileReference; fileEncoding = 4; lastKnownFileType = net.daringfireball.markdown; path = README.md; sourceTree = "<group>"; };
		C187C197279086A8006E3557 /* DanaKitPlugin.loopplugin */ = {isa = PBXFileReference; explicitFileType = wrapper.framework; includeInIndex = 0; path = DanaKitPlugin.loopplugin; sourceTree = BUILT_PRODUCTS_DIR; };
/* End PBXFileReference section */

/* Begin PBXFileSystemSynchronizedBuildFileExceptionSet section */
		3E60078D2D0C5D0C00B186D1 /* PBXFileSystemSynchronizedBuildFileExceptionSet */ = {
			isa = PBXFileSystemSynchronizedBuildFileExceptionSet;
			membershipExceptions = (
				Info.plist,
			);
			publicHeaders = (
				DanaKitPlugin.h,
			);
			target = 3E6007862D0C5D0C00B186D1 /* DanaKitPlugin */;
		};
		3E914CDD302B4CE3000DE467 /* PBXFileSystemSynchronizedBuildFileExceptionSet */ = {
			isa = PBXFileSystemSynchronizedBuildFileExceptionSet;
			membershipExceptions = (
				Info.plist,
			);
			publicHeaders = (
				DanaKit.h,
			);
			target = 84752E8126ED0FFE009FD801 /* DanaKit */;
		};
/* End PBXFileSystemSynchronizedBuildFileExceptionSet section */

/* Begin PBXFileSystemSynchronizedRootGroup section */
		3E07E692302A5B440084A02D /* DanaKitTests */ = {isa = PBXFileSystemSynchronizedRootGroup; explicitFileTypes = {}; explicitFolders = (); path = DanaKitTests; sourceTree = "<group>"; };
		3E6007882D0C5D0C00B186D1 /* DanaKitPlugin */ = {isa = PBXFileSystemSynchronizedRootGroup; exceptions = (3E60078D2D0C5D0C00B186D1 /* PBXFileSystemSynchronizedBuildFileExceptionSet */, ); explicitFileTypes = {}; explicitFolders = (); path = DanaKitPlugin; sourceTree = "<group>"; };
		3E914BDA302B4C42000DE467 /* Localization */ = {isa = PBXFileSystemSynchronizedRootGroup; explicitFileTypes = {}; explicitFolders = (); path = Localization; sourceTree = "<group>"; };
		3E914BE1302B4C45000DE467 /* DanaKitPlugin */ = {isa = PBXFileSystemSynchronizedRootGroup; explicitFileTypes = {}; explicitFolders = (); path = DanaKitPlugin; sourceTree = "<group>"; };
		3E914C03302B4C47000DE467 /* DanaKitUI */ = {isa = PBXFileSystemSynchronizedRootGroup; explicitFileTypes = {}; explicitFolders = (); path = DanaKitUI; sourceTree = "<group>"; };
		3E914C30302B4C50000DE467 /* Common */ = {isa = PBXFileSystemSynchronizedRootGroup; explicitFileTypes = {}; explicitFolders = (); path = Common; sourceTree = "<group>"; };
		3E914C90302B4CE2000DE467 /* DanaKit */ = {isa = PBXFileSystemSynchronizedRootGroup; exceptions = (3E914CDD302B4CE3000DE467 /* PBXFileSystemSynchronizedBuildFileExceptionSet */, ); explicitFileTypes = {}; explicitFolders = (); path = DanaKit; sourceTree = "<group>"; };
/* End PBXFileSystemSynchronizedRootGroup section */

/* Begin PBXFrameworksBuildPhase section */
		3E07E68E302A5B440084A02D /* Frameworks */ = {
			isa = PBXFrameworksBuildPhase;
			buildActionMask = 2147483647;
			files = (
				3E07E695302A5B440084A02D /* DanaKit.framework in Frameworks */,
			);
			runOnlyForDeploymentPostprocessing = 0;
		};
		3E6007842D0C5D0C00B186D1 /* Frameworks */ = {
			isa = PBXFrameworksBuildPhase;
			buildActionMask = 2147483647;
			files = (
				3EC76F7D2E5B2DA5002A3D2B /* DanaKit.framework in Frameworks */,
			);
			runOnlyForDeploymentPostprocessing = 0;
		};
		84752E7F26ED0FFE009FD801 /* Frameworks */ = {
			isa = PBXFrameworksBuildPhase;
			buildActionMask = 2147483647;
			files = (
				847530F626ED65DD009FD801 /* LoopKit.framework in Frameworks */,
				847530F826ED65DD009FD801 /* LoopKitUI.framework in Frameworks */,
			);
			runOnlyForDeploymentPostprocessing = 0;
		};
/* End PBXFrameworksBuildPhase section */

/* Begin PBXGroup section */
		3E6007AA2D0C5DF200B186D1 /* Recovered References */ = {
			isa = PBXGroup;
			children = (
				3E6007882D0C5D0C00B186D1 /* DanaKitPlugin */,
			);
			name = "Recovered References";
			sourceTree = "<group>";
		};
		84752E7826ED0FFE009FD801 = {
			isa = PBXGroup;
			children = (
				A91B2DEB276E1E5E001B0E95 /* README.md */,
				3E914C30302B4C50000DE467 /* Common */,
				3E914C90302B4CE2000DE467 /* DanaKit */,
				3E914C03302B4C47000DE467 /* DanaKitUI */,
				3E914BE1302B4C45000DE467 /* DanaKitPlugin */,
				3E914BDA302B4C42000DE467 /* Localization */,
				3E07E692302A5B440084A02D /* DanaKitTests */,
				84752E8326ED0FFE009FD801 /* Products */,
				84752E9C26ED10A0009FD801 /* Frameworks */,
				3E6007AA2D0C5DF200B186D1 /* Recovered References */,
			);
			sourceTree = "<group>";
		};
		84752E8326ED0FFE009FD801 /* Products */ = {
			isa = PBXGroup;
			children = (
				84752E8226ED0FFE009FD801 /* DanaKit.framework */,
				C187C197279086A8006E3557 /* DanaKitPlugin.loopplugin */,
				3E07E691302A5B440084A02D /* DanaKitTests.xctest */,
			);
			name = Products;
			sourceTree = "<group>";
		};
		84752E9C26ED10A0009FD801 /* Frameworks */ = {
			isa = PBXGroup;
			children = (
				847530F426ED65DD009FD801 /* LoopKit.framework */,
				847530F526ED65DD009FD801 /* LoopKitUI.framework */,
			);
			name = Frameworks;
			sourceTree = "<group>";
		};
/* End PBXGroup section */

/* Begin PBXHeadersBuildPhase section */
		3E6007822D0C5D0C00B186D1 /* Headers */ = {
			isa = PBXHeadersBuildPhase;
			buildActionMask = 2147483647;
			files = (
			);
			runOnlyForDeploymentPostprocessing = 0;
		};
		84752E7D26ED0FFE009FD801 /* Headers */ = {
			isa = PBXHeadersBuildPhase;
			buildActionMask = 2147483647;
			files = (
			);
			runOnlyForDeploymentPostprocessing = 0;
		};
/* End PBXHeadersBuildPhase section */

/* Begin PBXNativeTarget section */
		3E07E690302A5B440084A02D /* DanaKitTests */ = {
			isa = PBXNativeTarget;
			buildConfigurationList = 3E07E69A302A5B440084A02D /* Build configuration list for PBXNativeTarget "DanaKitTests" */;
			buildPhases = (
				3E07E68D302A5B440084A02D /* Sources */,
				3E07E68E302A5B440084A02D /* Frameworks */,
				3E07E68F302A5B440084A02D /* Resources */,
			);
			buildRules = (
			);
			dependencies = (
				3E07E697302A5B440084A02D /* PBXTargetDependency */,
			);
			fileSystemSynchronizedGroups = (
				3E07E692302A5B440084A02D /* DanaKitTests */,
			);
			name = DanaKitTests;
			packageProductDependencies = (
			);
			productName = DanaKitTests;
			productReference = 3E07E691302A5B440084A02D /* DanaKitTests.xctest */;
			productType = "com.apple.product-type.bundle.unit-test";
		};
		3E6007862D0C5D0C00B186D1 /* DanaKitPlugin */ = {
			isa = PBXNativeTarget;
			buildConfigurationList = 3E60078E2D0C5D0C00B186D1 /* Build configuration list for PBXNativeTarget "DanaKitPlugin" */;
			buildPhases = (
				3E6007822D0C5D0C00B186D1 /* Headers */,
				3E6007832D0C5D0C00B186D1 /* Sources */,
				3E6007842D0C5D0C00B186D1 /* Frameworks */,
				3E6007852D0C5D0C00B186D1 /* Resources */,
				3EC76F812E5B2DA5002A3D2B /* Embed Frameworks */,
			);
			buildRules = (
			);
			dependencies = (
				3EC76F802E5B2DA5002A3D2B /* PBXTargetDependency */,
			);
			fileSystemSynchronizedGroups = (
				3E6007882D0C5D0C00B186D1 /* DanaKitPlugin */,
			);
			name = DanaKitPlugin;
			packageProductDependencies = (
			);
			productName = DanaKitPlugin;
			productReference = C187C197279086A8006E3557 /* DanaKitPlugin.loopplugin */;
			productType = "com.apple.product-type.framework";
		};
		84752E8126ED0FFE009FD801 /* DanaKit */ = {
			isa = PBXNativeTarget;
			buildConfigurationList = 84752E9626ED0FFE009FD801 /* Build configuration list for PBXNativeTarget "DanaKit" */;
			buildPhases = (
				84752E7D26ED0FFE009FD801 /* Headers */,
				84752E7E26ED0FFE009FD801 /* Sources */,
				84752E7F26ED0FFE009FD801 /* Frameworks */,
				84752E8026ED0FFE009FD801 /* Resources */,
			);
			buildRules = (
			);
			dependencies = (
			);
			fileSystemSynchronizedGroups = (
				3E914BDA302B4C42000DE467 /* Localization */,
				3E914C03302B4C47000DE467 /* DanaKitUI */,
				3E914C30302B4C50000DE467 /* Common */,
				3E914C90302B4CE2000DE467 /* DanaKit */,
			);
			name = DanaKit;
			packageProductDependencies = (
			);
			productName = DanaKit;
			productReference = 84752E8226ED0FFE009FD801 /* DanaKit.framework */;
			productType = "com.apple.product-type.framework";
		};
/* End PBXNativeTarget section */

/* Begin PBXProject section */
		84752E7926ED0FFE009FD801 /* Project object */ = {
			isa = PBXProject;
			attributes = {
				BuildIndependentTargetsInParallel = YES;
				LastSwiftUpdateCheck = 2660;
				LastUpgradeCheck = 1540;
				ORGANIZATIONNAME = "Randall Knutson";
				TargetAttributes = {
					3E07E690302A5B440084A02D = {
						CreatedOnToolsVersion = 26.6;
					};
					3E6007862D0C5D0C00B186D1 = {
						CreatedOnToolsVersion = 16.1;
					};
					84752E8126ED0FFE009FD801 = {
						CreatedOnToolsVersion = 12.5.1;
					};
				};
			};
			buildConfigurationList = 84752E7C26ED0FFE009FD801 /* Build configuration list for PBXProject "DanaKit" */;
			compatibilityVersion = "Xcode 13.0";
			developmentRegion = en;
			hasScannedForEncodings = 0;
			knownRegions = (
				en,
				ar,
				"zh-Hans",
				cs,
				da,
				nl,
				fi,
				fr,
				de,
				he,
				hu,
				ko,
				it,
				ja,
				nb,
				pl,
				"pt-BR",
				ro,
				ru,
				sk,
				es,
				sv,
				tr,
				uk,
				vi,
			);
			mainGroup = 84752E7826ED0FFE009FD801;
			packageReferences = (
				8475306C26ED15DE009FD801 /* XCRemoteSwiftPackageReference "CryptoSwift" */,
				2742C7032AD875B100E67833 /* XCRemoteSwiftPackageReference "SlideButton" */,
			);
			productRefGroup = 84752E8326ED0FFE009FD801 /* Products */;
			projectDirPath = "";
			projectRoot = "";
			targets = (
				84752E8126ED0FFE009FD801 /* DanaKit */,
				3E6007862D0C5D0C00B186D1 /* DanaKitPlugin */,
				3E07E690302A5B440084A02D /* DanaKitTests */,
			);
		};
/* End PBXProject section */

/* Begin PBXResourcesBuildPhase section */
		3E07E68F302A5B440084A02D /* Resources */ = {
			isa = PBXResourcesBuildPhase;
			buildActionMask = 2147483647;
			files = (
			);
			runOnlyForDeploymentPostprocessing = 0;
		};
		3E6007852D0C5D0C00B186D1 /* Resources */ = {
			isa = PBXResourcesBuildPhase;
			buildActionMask = 2147483647;
			files = (
			);
			runOnlyForDeploymentPostprocessing = 0;
		};
		84752E8026ED0FFE009FD801 /* Resources */ = {
			isa = PBXResourcesBuildPhase;
			buildActionMask = 2147483647;
			files = (
				A91B2DEC276E1E5E001B0E95 /* README.md in Resources */,
			);
			runOnlyForDeploymentPostprocessing = 0;
		};
/* End PBXResourcesBuildPhase section */

/* Begin PBXSourcesBuildPhase section */
		3E07E68D302A5B440084A02D /* Sources */ = {
			isa = PBXSourcesBuildPhase;
			buildActionMask = 2147483647;
			files = (
			);
			runOnlyForDeploymentPostprocessing = 0;
		};
		3E6007832D0C5D0C00B186D1 /* Sources */ = {
			isa = PBXSourcesBuildPhase;
			buildActionMask = 2147483647;
			files = (
			);
			runOnlyForDeploymentPostprocessing = 0;
		};
		84752E7E26ED0FFE009FD801 /* Sources */ = {
			isa = PBXSourcesBuildPhase;
			buildActionMask = 2147483647;
			files = (
			);
			runOnlyForDeploymentPostprocessing = 0;
		};
/* End PBXSourcesBuildPhase section */

/* Begin PBXTargetDependency section */
		3E07E697302A5B440084A02D /* PBXTargetDependency */ = {
			isa = PBXTargetDependency;
			platformFilter = ios;
			target = 84752E8126ED0FFE009FD801 /* DanaKit */;
			targetProxy = 3E07E696302A5B440084A02D /* PBXContainerItemProxy */;
		};
		3EC76F802E5B2DA5002A3D2B /* PBXTargetDependency */ = {
			isa = PBXTargetDependency;
			target = 84752E8126ED0FFE009FD801 /* DanaKit */;
			targetProxy = 3EC76F7F2E5B2DA5002A3D2B /* PBXContainerItemProxy */;
		};
/* End PBXTargetDependency section */

/* Begin XCBuildConfiguration section */
		3E07E698302A5B440084A02D /* Debug */ = {
			isa = XCBuildConfiguration;
			buildSettings = {
				ASSETCATALOG_COMPILER_GENERATE_SWIFT_ASSET_SYMBOL_EXTENSIONS = YES;
				CLANG_CXX_LANGUAGE_STANDARD = "gnu++20";
				CODE_SIGN_IDENTITY = "";
				CODE_SIGN_STYLE = Automatic;
				CURRENT_PROJECT_VERSION = 1;
				GCC_C_LANGUAGE_STANDARD = gnu17;
				GENERATE_INFOPLIST_FILE = YES;
				IPHONEOS_DEPLOYMENT_TARGET = 26.5;
				MARKETING_VERSION = 1.0;
				PRODUCT_BUNDLE_IDENTIFIER = com.bastiaanv.DanaKitTests;
				PRODUCT_NAME = "$(TARGET_NAME)";
				STRING_CATALOG_GENERATE_SYMBOLS = NO;
				SWIFT_ACTIVE_COMPILATION_CONDITIONS = "DEBUG $(inherited)";
				SWIFT_APPROACHABLE_CONCURRENCY = YES;
				SWIFT_EMIT_LOC_STRINGS = NO;
				SWIFT_UPCOMING_FEATURE_MEMBER_IMPORT_VISIBILITY = YES;
				SWIFT_VERSION = 6.0;
				TARGETED_DEVICE_FAMILY = "1,2";
			};
			name = Debug;
		};
		3E07E699302A5B440084A02D /* Release */ = {
			isa = XCBuildConfiguration;
			buildSettings = {
				ASSETCATALOG_COMPILER_GENERATE_SWIFT_ASSET_SYMBOL_EXTENSIONS = YES;
				CLANG_CXX_LANGUAGE_STANDARD = "gnu++20";
				CODE_SIGN_IDENTITY = "";
				CODE_SIGN_STYLE = Automatic;
				CURRENT_PROJECT_VERSION = 1;
				GCC_C_LANGUAGE_STANDARD = gnu17;
				GENERATE_INFOPLIST_FILE = YES;
				IPHONEOS_DEPLOYMENT_TARGET = 26.5;
				MARKETING_VERSION = 1.0;
				PRODUCT_BUNDLE_IDENTIFIER = com.bastiaanv.DanaKitTests;
				PRODUCT_NAME = "$(TARGET_NAME)";
				STRING_CATALOG_GENERATE_SYMBOLS = NO;
				SWIFT_APPROACHABLE_CONCURRENCY = YES;
				SWIFT_EMIT_LOC_STRINGS = NO;
				SWIFT_UPCOMING_FEATURE_MEMBER_IMPORT_VISIBILITY = YES;
				SWIFT_VERSION = 6.0;
				TARGETED_DEVICE_FAMILY = "1,2";
			};
			name = Release;
		};
		3E60078B2D0C5D0C00B186D1 /* Debug */ = {
			isa = XCBuildConfiguration;
			buildSettings = {
				ASSETCATALOG_COMPILER_GENERATE_SWIFT_ASSET_SYMBOL_EXTENSIONS = YES;
				BUILD_LIBRARY_FOR_DISTRIBUTION = NO;
				CLANG_CXX_LANGUAGE_STANDARD = "gnu++20";
				CODE_SIGN_STYLE = Automatic;
				CURRENT_PROJECT_VERSION = 1;
				DEFINES_MODULE = NO;
				DYLIB_COMPATIBILITY_VERSION = 1;
				DYLIB_CURRENT_VERSION = 1;
				DYLIB_INSTALL_NAME_BASE = "@rpath";
				ENABLE_MODULE_VERIFIER = YES;
				GCC_C_LANGUAGE_STANDARD = gnu17;
				GENERATE_INFOPLIST_FILE = NO;
				INFOPLIST_FILE = DanaKitPlugin/Info.plist;
				INFOPLIST_KEY_NSHumanReadableCopyright = "Copyright © 2024 Randall Knutson. All rights reserved.";
				INSTALL_PATH = "$(LOCAL_LIBRARY_DIR)/Frameworks";
				IPHONEOS_DEPLOYMENT_TARGET = 15.1;
				LD_RUNPATH_SEARCH_PATHS = (
					"$(inherited)",
					"@executable_path/Frameworks",
					"@loader_path/Frameworks",
				);
				LOCALIZATION_PREFERS_STRING_CATALOGS = YES;
				MARKETING_VERSION = 1.0;
				MODULE_VERIFIER_SUPPORTED_LANGUAGES = "objective-c objective-c++";
				MODULE_VERIFIER_SUPPORTED_LANGUAGE_STANDARDS = "gnu17 gnu++20";
				PRODUCT_BUNDLE_IDENTIFIER = com.randallknutson.DanaKitPlugin;
				PRODUCT_NAME = "$(TARGET_NAME:c99extidentifier)";
				SKIP_INSTALL = YES;
				SUPPORTED_PLATFORMS = "iphoneos iphonesimulator";
				SUPPORTS_MACCATALYST = NO;
				SUPPORTS_MAC_DESIGNED_FOR_IPHONE_IPAD = NO;
				SUPPORTS_XR_DESIGNED_FOR_IPHONE_IPAD = NO;
				SWIFT_ACTIVE_COMPILATION_CONDITIONS = "DEBUG $(inherited)";
				SWIFT_EMIT_LOC_STRINGS = YES;
				SWIFT_INSTALL_OBJC_HEADER = NO;
				SWIFT_VERSION = 5.0;
				TARGETED_DEVICE_FAMILY = "1,2";
				WRAPPER_EXTENSION = loopplugin;
			};
			name = Debug;
		};
		3E60078C2D0C5D0C00B186D1 /* Release */ = {
			isa = XCBuildConfiguration;
			buildSettings = {
				ASSETCATALOG_COMPILER_GENERATE_SWIFT_ASSET_SYMBOL_EXTENSIONS = YES;
				BUILD_LIBRARY_FOR_DISTRIBUTION = NO;
				CLANG_CXX_LANGUAGE_STANDARD = "gnu++20";
				CODE_SIGN_STYLE = Automatic;
				CURRENT_PROJECT_VERSION = 1;
				DEFINES_MODULE = NO;
				DYLIB_COMPATIBILITY_VERSION = 1;
				DYLIB_CURRENT_VERSION = 1;
				DYLIB_INSTALL_NAME_BASE = "@rpath";
				ENABLE_MODULE_VERIFIER = YES;
				GCC_C_LANGUAGE_STANDARD = gnu17;
				GENERATE_INFOPLIST_FILE = NO;
				INFOPLIST_FILE = DanaKitPlugin/Info.plist;
				INFOPLIST_KEY_NSHumanReadableCopyright = "Copyright © 2024 Randall Knutson. All rights reserved.";
				INSTALL_PATH = "$(LOCAL_LIBRARY_DIR)/Frameworks";
				IPHONEOS_DEPLOYMENT_TARGET = 15.1;
				LD_RUNPATH_SEARCH_PATHS = (
					"$(inherited)",
					"@executable_path/Frameworks",
					"@loader_path/Frameworks",
				);
				LOCALIZATION_PREFERS_STRING_CATALOGS = YES;
				MARKETING_VERSION = 1.0;
				MODULE_VERIFIER_SUPPORTED_LANGUAGES = "objective-c objective-c++";
				MODULE_VERIFIER_SUPPORTED_LANGUAGE_STANDARDS = "gnu17 gnu++20";
				PRODUCT_BUNDLE_IDENTIFIER = com.randallknutson.DanaKitPlugin;
				PRODUCT_NAME = "$(TARGET_NAME:c99extidentifier)";
				SKIP_INSTALL = YES;
				SUPPORTED_PLATFORMS = "iphoneos iphonesimulator";
				SUPPORTS_MACCATALYST = NO;
				SUPPORTS_MAC_DESIGNED_FOR_IPHONE_IPAD = NO;
				SUPPORTS_XR_DESIGNED_FOR_IPHONE_IPAD = NO;
				SWIFT_EMIT_LOC_STRINGS = YES;
				SWIFT_INSTALL_OBJC_HEADER = NO;
				SWIFT_VERSION = 5.0;
				TARGETED_DEVICE_FAMILY = "1,2";
				WRAPPER_EXTENSION = loopplugin;
			};
			name = Release;
		};
		84752E9426ED0FFE009FD801 /* Debug */ = {
			isa = XCBuildConfiguration;
			buildSettings = {
				ALWAYS_SEARCH_USER_PATHS = NO;
				CLANG_ANALYZER_LOCALIZABILITY_NONLOCALIZED = YES;
				CLANG_ANALYZER_NONNULL = YES;
				CLANG_ANALYZER_NUMBER_OBJECT_CONVERSION = YES_AGGRESSIVE;
				CLANG_CXX_LANGUAGE_STANDARD = "gnu++14";
				CLANG_CXX_LIBRARY = "libc++";
				CLANG_ENABLE_MODULES = YES;
				CLANG_ENABLE_OBJC_ARC = YES;
				CLANG_ENABLE_OBJC_WEAK = YES;
				CLANG_WARN_BLOCK_CAPTURE_AUTORELEASING = YES;
				CLANG_WARN_BOOL_CONVERSION = YES;
				CLANG_WARN_COMMA = YES;
				CLANG_WARN_CONSTANT_CONVERSION = YES;
				CLANG_WARN_DEPRECATED_OBJC_IMPLEMENTATIONS = YES;
				CLANG_WARN_DIRECT_OBJC_ISA_USAGE = YES_ERROR;
				CLANG_WARN_DOCUMENTATION_COMMENTS = YES;
				CLANG_WARN_EMPTY_BODY = YES;
				CLANG_WARN_ENUM_CONVERSION = YES;
				CLANG_WARN_INFINITE_RECURSION = YES;
				CLANG_WARN_INT_CONVERSION = YES;
				CLANG_WARN_NON_LITERAL_NULL_CONVERSION = YES;
				CLANG_WARN_OBJC_IMPLICIT_RETAIN_SELF = YES;
				CLANG_WARN_OBJC_LITERAL_CONVERSION = YES;
				CLANG_WARN_OBJC_ROOT_CLASS = YES_ERROR;
				CLANG_WARN_QUOTED_INCLUDE_IN_FRAMEWORK_HEADER = YES;
				CLANG_WARN_RANGE_LOOP_ANALYSIS = YES;
				CLANG_WARN_STRICT_PROTOTYPES = YES;
				CLANG_WARN_SUSPICIOUS_MOVE = YES;
				CLANG_WARN_UNGUARDED_AVAILABILITY = YES_AGGRESSIVE;
				CLANG_WARN_UNREACHABLE_CODE = YES;
				CLANG_WARN__DUPLICATE_METHOD_MATCH = YES;
				COPY_PHASE_STRIP = NO;
				CURRENT_PROJECT_VERSION = 1;
				DEBUG_INFORMATION_FORMAT = dwarf;
				ENABLE_STRICT_OBJC_MSGSEND = YES;
				ENABLE_TESTABILITY = YES;
				ENABLE_USER_SCRIPT_SANDBOXING = YES;
				GCC_C_LANGUAGE_STANDARD = gnu11;
				GCC_DYNAMIC_NO_PIC = NO;
				GCC_NO_COMMON_BLOCKS = YES;
				GCC_OPTIMIZATION_LEVEL = 0;
				GCC_PREPROCESSOR_DEFINITIONS = (
					"DEBUG=1",
					"$(inherited)",
				);
				GCC_WARN_64_TO_32_BIT_CONVERSION = YES;
				GCC_WARN_ABOUT_RETURN_TYPE = YES_ERROR;
				GCC_WARN_UNDECLARED_SELECTOR = YES;
				GCC_WARN_UNINITIALIZED_AUTOS = YES_AGGRESSIVE;
				GCC_WARN_UNUSED_FUNCTION = YES;
				GCC_WARN_UNUSED_VARIABLE = YES;
				IPHONEOS_DEPLOYMENT_TARGET = 15.1;
				LOCALIZATION_PREFERS_STRING_CATALOGS = YES;
				LOCALIZED_STRING_MACRO_NAMES = (
					NSLocalizedString,
					CFCopyLocalizedString,
					LocalizedString,
					FrameworkLocalText,
				);
				MTL_ENABLE_DEBUG_INFO = INCLUDE_SOURCE;
				MTL_FAST_MATH = YES;
				ONLY_ACTIVE_ARCH = YES;
				SDKROOT = iphoneos;
				SWIFT_ACTIVE_COMPILATION_CONDITIONS = DEBUG;
				SWIFT_EMIT_LOC_STRINGS = YES;
				SWIFT_OPTIMIZATION_LEVEL = "-Onone";
				VERSIONING_SYSTEM = "apple-generic";
				VERSION_INFO_PREFIX = "";
			};
			name = Debug;
		};
		84752E9526ED0FFE009FD801 /* Release */ = {
			isa = XCBuildConfiguration;
			buildSettings = {
				ALWAYS_SEARCH_USER_PATHS = NO;
				CLANG_ANALYZER_LOCALIZABILITY_NONLOCALIZED = YES;
				CLANG_ANALYZER_NONNULL = YES;
				CLANG_ANALYZER_NUMBER_OBJECT_CONVERSION = YES_AGGRESSIVE;
				CLANG_CXX_LANGUAGE_STANDARD = "gnu++14";
				CLANG_CXX_LIBRARY = "libc++";
				CLANG_ENABLE_MODULES = YES;
				CLANG_ENABLE_OBJC_ARC = YES;
				CLANG_ENABLE_OBJC_WEAK = YES;
				CLANG_WARN_BLOCK_CAPTURE_AUTORELEASING = YES;
				CLANG_WARN_BOOL_CONVERSION = YES;
				CLANG_WARN_COMMA = YES;
				CLANG_WARN_CONSTANT_CONVERSION = YES;
				CLANG_WARN_DEPRECATED_OBJC_IMPLEMENTATIONS = YES;
				CLANG_WARN_DIRECT_OBJC_ISA_USAGE = YES_ERROR;
				CLANG_WARN_DOCUMENTATION_COMMENTS = YES;
				CLANG_WARN_EMPTY_BODY = YES;
				CLANG_WARN_ENUM_CONVERSION = YES;
				CLANG_WARN_INFINITE_RECURSION = YES;
				CLANG_WARN_INT_CONVERSION = YES;
				CLANG_WARN_NON_LITERAL_NULL_CONVERSION = YES;
				CLANG_WARN_OBJC_IMPLICIT_RETAIN_SELF = YES;
				CLANG_WARN_OBJC_LITERAL_CONVERSION = YES;
				CLANG_WARN_OBJC_ROOT_CLASS = YES_ERROR;
				CLANG_WARN_QUOTED_INCLUDE_IN_FRAMEWORK_HEADER = YES;
				CLANG_WARN_RANGE_LOOP_ANALYSIS = YES;
				CLANG_WARN_STRICT_PROTOTYPES = YES;
				CLANG_WARN_SUSPICIOUS_MOVE = YES;
				CLANG_WARN_UNGUARDED_AVAILABILITY = YES_AGGRESSIVE;
				CLANG_WARN_UNREACHABLE_CODE = YES;
				CLANG_WARN__DUPLICATE_METHOD_MATCH = YES;
				COPY_PHASE_STRIP = NO;
				CURRENT_PROJECT_VERSION = 1;
				DEBUG_INFORMATION_FORMAT = "dwarf-with-dsym";
				ENABLE_NS_ASSERTIONS = NO;
				ENABLE_STRICT_OBJC_MSGSEND = YES;
				ENABLE_USER_SCRIPT_SANDBOXING = YES;
				GCC_C_LANGUAGE_STANDARD = gnu11;
				GCC_NO_COMMON_BLOCKS = YES;
				GCC_WARN_64_TO_32_BIT_CONVERSION = YES;
				GCC_WARN_ABOUT_RETURN_TYPE = YES_ERROR;
				GCC_WARN_UNDECLARED_SELECTOR = YES;
				GCC_WARN_UNINITIALIZED_AUTOS = YES_AGGRESSIVE;
				GCC_WARN_UNUSED_FUNCTION = YES;
				GCC_WARN_UNUSED_VARIABLE = YES;
				IPHONEOS_DEPLOYMENT_TARGET = 15.1;
				LOCALIZATION_PREFERS_STRING_CATALOGS = YES;
				LOCALIZED_STRING_MACRO_NAMES = (
					NSLocalizedString,
					CFCopyLocalizedString,
					LocalizedString,
					FrameworkLocalText,
				);
				MTL_ENABLE_DEBUG_INFO = NO;
				MTL_FAST_MATH = YES;
				SDKROOT = iphoneos;
				SWIFT_COMPILATION_MODE = wholemodule;
				SWIFT_EMIT_LOC_STRINGS = YES;
				SWIFT_OPTIMIZATION_LEVEL = "-O";
				VALIDATE_PRODUCT = YES;
				VERSIONING_SYSTEM = "apple-generic";
				VERSION_INFO_PREFIX = "";
			};
			name = Release;
		};
		84752E9726ED0FFE009FD801 /* Debug */ = {
			isa = XCBuildConfiguration;
			buildSettings = {
				CODE_SIGN_IDENTITY = "";
				CODE_SIGN_STYLE = Automatic;
				DEFINES_MODULE = YES;
				DYLIB_COMPATIBILITY_VERSION = 1;
				DYLIB_CURRENT_VERSION = 1;
				DYLIB_INSTALL_NAME_BASE = "@rpath";
				ENABLE_MODULE_VERIFIER = NO;
				FRAMEWORK_SEARCH_PATHS = "";
				GENERATE_INFOPLIST_FILE = NO;
				INFOPLIST_FILE = DanaKit/Info.plist;
				INSTALL_PATH = "$(LOCAL_LIBRARY_DIR)/Frameworks";
				LD_RUNPATH_SEARCH_PATHS = (
					"$(inherited)",
					"@executable_path/Frameworks",
					"@loader_path/Frameworks",
				);
				LOCALIZED_STRING_MACRO_NAMES = (
					NSLocalizedString,
					CFCopyLocalizedString,
					LocalizedString,
					FrameworkLocalText,
				);
				MODULE_VERIFIER_SUPPORTED_LANGUAGES = "objective-c objective-c++";
				MODULE_VERIFIER_SUPPORTED_LANGUAGE_STANDARDS = "gnu11 gnu++14";
				PRODUCT_BUNDLE_IDENTIFIER = com.randallknutson.DanaKit;
				PRODUCT_NAME = "$(TARGET_NAME:c99extidentifier)";
				SKIP_INSTALL = YES;
				SUPPORTED_PLATFORMS = "iphoneos iphonesimulator";
				SUPPORTS_MACCATALYST = NO;
				SUPPORTS_MAC_DESIGNED_FOR_IPHONE_IPAD = NO;
				SUPPORTS_XR_DESIGNED_FOR_IPHONE_IPAD = NO;
				SWIFT_ACTIVE_COMPILATION_CONDITIONS = DEBUG;
				SWIFT_EMIT_LOC_STRINGS = YES;
				SWIFT_INSTALL_OBJC_HEADER = NO;
				SWIFT_VERSION = 5.0;
				TARGETED_DEVICE_FAMILY = "1,2";
				WRAPPER_EXTENSION = framework;
			};
			name = Debug;
		};
		84752E9826ED0FFE009FD801 /* Release */ = {
			isa = XCBuildConfiguration;
			buildSettings = {
				CODE_SIGN_IDENTITY = "";
				CODE_SIGN_STYLE = Automatic;
				DEFINES_MODULE = YES;
				DYLIB_COMPATIBILITY_VERSION = 1;
				DYLIB_CURRENT_VERSION = 1;
				DYLIB_INSTALL_NAME_BASE = "@rpath";
				ENABLE_MODULE_VERIFIER = NO;
				FRAMEWORK_SEARCH_PATHS = "";
				GENERATE_INFOPLIST_FILE = NO;
				INFOPLIST_FILE = DanaKit/Info.plist;
				INSTALL_PATH = "$(LOCAL_LIBRARY_DIR)/Frameworks";
				LD_RUNPATH_SEARCH_PATHS = (
					"$(inherited)",
					"@executable_path/Frameworks",
					"@loader_path/Frameworks",
				);
				LOCALIZED_STRING_MACRO_NAMES = (
					NSLocalizedString,
					CFCopyLocalizedString,
					LocalizedString,
					FrameworkLocalText,
				);
				MODULE_VERIFIER_SUPPORTED_LANGUAGES = "objective-c objective-c++";
				MODULE_VERIFIER_SUPPORTED_LANGUAGE_STANDARDS = "gnu11 gnu++14";
				PRODUCT_BUNDLE_IDENTIFIER = com.randallknutson.DanaKit;
				PRODUCT_NAME = "$(TARGET_NAME:c99extidentifier)";
				SKIP_INSTALL = YES;
				SUPPORTED_PLATFORMS = "iphoneos iphonesimulator";
				SUPPORTS_MACCATALYST = NO;
				SUPPORTS_MAC_DESIGNED_FOR_IPHONE_IPAD = NO;
				SUPPORTS_XR_DESIGNED_FOR_IPHONE_IPAD = NO;
				SWIFT_EMIT_LOC_STRINGS = YES;
				SWIFT_INSTALL_OBJC_HEADER = NO;
				SWIFT_VERSION = 5.0;
				TARGETED_DEVICE_FAMILY = "1,2";
				WRAPPER_EXTENSION = framework;
			};
			name = Release;
		};
/* End XCBuildConfiguration section */

/* Begin XCConfigurationList section */
		3E07E69A302A5B440084A02D /* Build configuration list for PBXNativeTarget "DanaKitTests" */ = {
			isa = XCConfigurationList;
			buildConfigurations = (
				3E07E698302A5B440084A02D /* Debug */,
				3E07E699302A5B440084A02D /* Release */,
			);
			defaultConfigurationIsVisible = 0;
			defaultConfigurationName = Release;
		};
		3E60078E2D0C5D0C00B186D1 /* Build configuration list for PBXNativeTarget "DanaKitPlugin" */ = {
			isa = XCConfigurationList;
			buildConfigurations = (
				3E60078B2D0C5D0C00B186D1 /* Debug */,
				3E60078C2D0C5D0C00B186D1 /* Release */,
			);
			defaultConfigurationIsVisible = 0;
			defaultConfigurationName = Release;
		};
		84752E7C26ED0FFE009FD801 /* Build configuration list for PBXProject "DanaKit" */ = {
			isa = XCConfigurationList;
			buildConfigurations = (
				84752E9426ED0FFE009FD801 /* Debug */,
				84752E9526ED0FFE009FD801 /* Release */,
			);
			defaultConfigurationIsVisible = 0;
			defaultConfigurationName = Release;
		};
		84752E9626ED0FFE009FD801 /* Build configuration list for PBXNativeTarget "DanaKit" */ = {
			isa = XCConfigurationList;
			buildConfigurations = (
				84752E9726ED0FFE009FD801 /* Debug */,
				84752E9826ED0FFE009FD801 /* Release */,
			);
			defaultConfigurationIsVisible = 0;
			defaultConfigurationName = Release;
		};
/* End XCConfigurationList section */

/* Begin XCRemoteSwiftPackageReference section */
		2742C7032AD875B100E67833 /* XCRemoteSwiftPackageReference "SlideButton" */ = {
			isa = XCRemoteSwiftPackageReference;
			repositoryURL = "https://github.com/no-comment/SlideButton";
			requirement = {
				branch = main;
				kind = branch;
			};
		};
		8475306C26ED15DE009FD801 /* XCRemoteSwiftPackageReference "CryptoSwift" */ = {
			isa = XCRemoteSwiftPackageReference;
			repositoryURL = "https://github.com/krzyzanowskim/CryptoSwift";
			requirement = {
				kind = upToNextMajorVersion;
				minimumVersion = 1.4.1;
			};
		};
/* End XCRemoteSwiftPackageReference section */
	};
	rootObject = 84752E7926ED0FFE009FD801 /* Project object */;
}
